// !$*UTF8*$!
{
	archiveVersion = 1;
	classes = {
	};
	objectVersion = 50;
	objects = {

/* Begin PBXBuildFile section */
		9746E93223E1A47400A31297 /* AdventureHUD.sks in Resources */ = {isa = PBXBuildFile; fileRef = 9746E91B23E1A47400A31297 /* AdventureHUD.sks */; };
		9746E93323E1A47400A31297 /* AdventureHUD.sks in Resources */ = {isa = PBXBuildFile; fileRef = 9746E91B23E1A47400A31297 /* AdventureHUD.sks */; };
		9746E93423E1A47400A31297 /* AdventureHUD.sks in Resources */ = {isa = PBXBuildFile; fileRef = 9746E91B23E1A47400A31297 /* AdventureHUD.sks */; };
		9746E93523E1A47400A31297 /* AdventureHUD.sks in Resources */ = {isa = PBXBuildFile; fileRef = 9746E91B23E1A47400A31297 /* AdventureHUD.sks */; };
		9746E93623E1A47400A31297 /* GraphicsUtilities.swift in Sources */ = {isa = PBXBuildFile; fileRef = 9746E91D23E1A47400A31297 /* GraphicsUtilities.swift */; };
		9746E93723E1A47400A31297 /* GraphicsUtilities.swift in Sources */ = {isa = PBXBuildFile; fileRef = 9746E91D23E1A47400A31297 /* GraphicsUtilities.swift */; };
		9746E93823E1A47400A31297 /* GraphicsUtilities.swift in Sources */ = {isa = PBXBuildFile; fileRef = 9746E91D23E1A47400A31297 /* GraphicsUtilities.swift */; };
		9746E93923E1A47400A31297 /* SpawnArtificialIntelligence.swift in Sources */ = {isa = PBXBuildFile; fileRef = 9746E91F23E1A47400A31297 /* SpawnArtificialIntelligence.swift */; };
		9746E93A23E1A47400A31297 /* SpawnArtificialIntelligence.swift in Sources */ = {isa = PBXBuildFile; fileRef = 9746E91F23E1A47400A31297 /* SpawnArtificialIntelligence.swift */; };
		9746E93B23E1A47400A31297 /* SpawnArtificialIntelligence.swift in Sources */ = {isa = PBXBuildFile; fileRef = 9746E91F23E1A47400A31297 /* SpawnArtificialIntelligence.swift */; };
		9746E93C23E1A47400A31297 /* ChaseArtificialIntelligence.swift in Sources */ = {isa = PBXBuildFile; fileRef = 9746E92023E1A47400A31297 /* ChaseArtificialIntelligence.swift */; };
		9746E93D23E1A47400A31297 /* ChaseArtificialIntelligence.swift in Sources */ = {isa = PBXBuildFile; fileRef = 9746E92023E1A47400A31297 /* ChaseArtificialIntelligence.swift */; };
		9746E93E23E1A47400A31297 /* ChaseArtificialIntelligence.swift in Sources */ = {isa = PBXBuildFile; fileRef = 9746E92023E1A47400A31297 /* ChaseArtificialIntelligence.swift */; };
		9746E93F23E1A47400A31297 /* ArtificialIntelligence.swift in Sources */ = {isa = PBXBuildFile; fileRef = 9746E92123E1A47400A31297 /* ArtificialIntelligence.swift */; };
		9746E94023E1A47400A31297 /* ArtificialIntelligence.swift in Sources */ = {isa = PBXBuildFile; fileRef = 9746E92123E1A47400A31297 /* ArtificialIntelligence.swift */; };
		9746E94123E1A47400A31297 /* ArtificialIntelligence.swift in Sources */ = {isa = PBXBuildFile; fileRef = 9746E92123E1A47400A31297 /* ArtificialIntelligence.swift */; };
		9746E94223E1A47400A31297 /* Warrior.swift in Sources */ = {isa = PBXBuildFile; fileRef = 9746E92323E1A47400A31297 /* Warrior.swift */; };
		9746E94323E1A47400A31297 /* Warrior.swift in Sources */ = {isa = PBXBuildFile; fileRef = 9746E92323E1A47400A31297 /* Warrior.swift */; };
		9746E94423E1A47400A31297 /* Warrior.swift in Sources */ = {isa = PBXBuildFile; fileRef = 9746E92323E1A47400A31297 /* Warrior.swift */; };
		9746E94523E1A47400A31297 /* EnemyCharacter.swift in Sources */ = {isa = PBXBuildFile; fileRef = 9746E92423E1A47400A31297 /* EnemyCharacter.swift */; };
		9746E94623E1A47400A31297 /* EnemyCharacter.swift in Sources */ = {isa = PBXBuildFile; fileRef = 9746E92423E1A47400A31297 /* EnemyCharacter.swift */; };
		9746E94723E1A47400A31297 /* EnemyCharacter.swift in Sources */ = {isa = PBXBuildFile; fileRef = 9746E92423E1A47400A31297 /* EnemyCharacter.swift */; };
		9746E94823E1A47400A31297 /* Goblin.swift in Sources */ = {isa = PBXBuildFile; fileRef = 9746E92523E1A47400A31297 /* Goblin.swift */; };
		9746E94923E1A47400A31297 /* Goblin.swift in Sources */ = {isa = PBXBuildFile; fileRef = 9746E92523E1A47400A31297 /* Goblin.swift */; };
		9746E94A23E1A47400A31297 /* Goblin.swift in Sources */ = {isa = PBXBuildFile; fileRef = 9746E92523E1A47400A31297 /* Goblin.swift */; };
		9746E94B23E1A47400A31297 /* Character.swift in Sources */ = {isa = PBXBuildFile; fileRef = 9746E92623E1A47400A31297 /* Character.swift */; };
		9746E94C23E1A47400A31297 /* Character.swift in Sources */ = {isa = PBXBuildFile; fileRef = 9746E92623E1A47400A31297 /* Character.swift */; };
		9746E94D23E1A47400A31297 /* Character.swift in Sources */ = {isa = PBXBuildFile; fileRef = 9746E92623E1A47400A31297 /* Character.swift */; };
		9746E94E23E1A47400A31297 /* Cave.swift in Sources */ = {isa = PBXBuildFile; fileRef = 9746E92723E1A47400A31297 /* Cave.swift */; };
		9746E94F23E1A47400A31297 /* Cave.swift in Sources */ = {isa = PBXBuildFile; fileRef = 9746E92723E1A47400A31297 /* Cave.swift */; };
		9746E95023E1A47400A31297 /* Cave.swift in Sources */ = {isa = PBXBuildFile; fileRef = 9746E92723E1A47400A31297 /* Cave.swift */; };
		9746E95123E1A47400A31297 /* ParallaxSprite.swift in Sources */ = {isa = PBXBuildFile; fileRef = 9746E92823E1A47400A31297 /* ParallaxSprite.swift */; };
		9746E95223E1A47400A31297 /* ParallaxSprite.swift in Sources */ = {isa = PBXBuildFile; fileRef = 9746E92823E1A47400A31297 /* ParallaxSprite.swift */; };
		9746E95323E1A47400A31297 /* ParallaxSprite.swift in Sources */ = {isa = PBXBuildFile; fileRef = 9746E92823E1A47400A31297 /* ParallaxSprite.swift */; };
		9746E95423E1A47400A31297 /* Boss.swift in Sources */ = {isa = PBXBuildFile; fileRef = 9746E92923E1A47400A31297 /* Boss.swift */; };
		9746E95523E1A47400A31297 /* Boss.swift in Sources */ = {isa = PBXBuildFile; fileRef = 9746E92923E1A47400A31297 /* Boss.swift */; };
		9746E95623E1A47400A31297 /* Boss.swift in Sources */ = {isa = PBXBuildFile; fileRef = 9746E92923E1A47400A31297 /* Boss.swift */; };
		9746E95723E1A47400A31297 /* Tree.swift in Sources */ = {isa = PBXBuildFile; fileRef = 9746E92A23E1A47400A31297 /* Tree.swift */; };
		9746E95823E1A47400A31297 /* Tree.swift in Sources */ = {isa = PBXBuildFile; fileRef = 9746E92A23E1A47400A31297 /* Tree.swift */; };
		9746E95923E1A47400A31297 /* Tree.swift in Sources */ = {isa = PBXBuildFile; fileRef = 9746E92A23E1A47400A31297 /* Tree.swift */; };
		9746E95A23E1A47400A31297 /* HeroCharacter.swift in Sources */ = {isa = PBXBuildFile; fileRef = 9746E92B23E1A47400A31297 /* HeroCharacter.swift */; };
		9746E95B23E1A47400A31297 /* HeroCharacter.swift in Sources */ = {isa = PBXBuildFile; fileRef = 9746E92B23E1A47400A31297 /* HeroCharacter.swift */; };
		9746E95C23E1A47400A31297 /* HeroCharacter.swift in Sources */ = {isa = PBXBuildFile; fileRef = 9746E92B23E1A47400A31297 /* HeroCharacter.swift */; };
		9746E95D23E1A47400A31297 /* Archer.swift in Sources */ = {isa = PBXBuildFile; fileRef = 9746E92C23E1A47400A31297 /* Archer.swift */; };
		9746E95E23E1A47400A31297 /* Archer.swift in Sources */ = {isa = PBXBuildFile; fileRef = 9746E92C23E1A47400A31297 /* Archer.swift */; };
		9746E95F23E1A47400A31297 /* Archer.swift in Sources */ = {isa = PBXBuildFile; fileRef = 9746E92C23E1A47400A31297 /* Archer.swift */; };
		9746E96023E1A47400A31297 /* AdventureScene.swift in Sources */ = {isa = PBXBuildFile; fileRef = 9746E92E23E1A47400A31297 /* AdventureScene.swift */; };
		9746E96123E1A47400A31297 /* AdventureScene.swift in Sources */ = {isa = PBXBuildFile; fileRef = 9746E92E23E1A47400A31297 /* AdventureScene.swift */; };
		9746E96223E1A47400A31297 /* AdventureScene.swift in Sources */ = {isa = PBXBuildFile; fileRef = 9746E92E23E1A47400A31297 /* AdventureScene.swift */; };
		9746E96323E1A47400A31297 /* Player.swift in Sources */ = {isa = PBXBuildFile; fileRef = 9746E92F23E1A47400A31297 /* Player.swift */; };
		9746E96423E1A47400A31297 /* Player.swift in Sources */ = {isa = PBXBuildFile; fileRef = 9746E92F23E1A47400A31297 /* Player.swift */; };
		9746E96523E1A47400A31297 /* Player.swift in Sources */ = {isa = PBXBuildFile; fileRef = 9746E92F23E1A47400A31297 /* Player.swift */; };
		9746E96623E1A47400A31297 /* SharedAssetManagement.swift in Sources */ = {isa = PBXBuildFile; fileRef = 9746E93023E1A47400A31297 /* SharedAssetManagement.swift */; };
		9746E96723E1A47400A31297 /* SharedAssetManagement.swift in Sources */ = {isa = PBXBuildFile; fileRef = 9746E93023E1A47400A31297 /* SharedAssetManagement.swift */; };
		9746E96823E1A47400A31297 /* SharedAssetManagement.swift in Sources */ = {isa = PBXBuildFile; fileRef = 9746E93023E1A47400A31297 /* SharedAssetManagement.swift */; };
		9746E96923E1A47400A31297 /* AdventureWorld.sks in Resources */ = {isa = PBXBuildFile; fileRef = 9746E93123E1A47400A31297 /* AdventureWorld.sks */; };
		9746E96A23E1A47400A31297 /* AdventureWorld.sks in Resources */ = {isa = PBXBuildFile; fileRef = 9746E93123E1A47400A31297 /* AdventureWorld.sks */; };
		9746E96B23E1A47400A31297 /* AdventureWorld.sks in Resources */ = {isa = PBXBuildFile; fileRef = 9746E93123E1A47400A31297 /* AdventureWorld.sks */; };
		9746E96C23E1A47400A31297 /* AdventureWorld.sks in Resources */ = {isa = PBXBuildFile; fileRef = 9746E93123E1A47400A31297 /* AdventureWorld.sks */; };
		9746E9B323E1A4AC00A31297 /* Assets - OS X.xcassets in Resources */ = {isa = PBXBuildFile; fileRef = 9746E96F23E1A4AB00A31297 /* Assets - OS X.xcassets */; };
		9746E9B423E1A4AC00A31297 /* Assets - OS X.xcassets in Resources */ = {isa = PBXBuildFile; fileRef = 9746E96F23E1A4AB00A31297 /* Assets - OS X.xcassets */; };
		9746E9B523E1A4AC00A31297 /* Assets - OS X.xcassets in Resources */ = {isa = PBXBuildFile; fileRef = 9746E96F23E1A4AB00A31297 /* Assets - OS X.xcassets */; };
		9746E9B623E1A4AC00A31297 /* Assets - OS X.xcassets in Resources */ = {isa = PBXBuildFile; fileRef = 9746E96F23E1A4AB00A31297 /* Assets - OS X.xcassets */; };
		9746E9B723E1A4AC00A31297 /* Default@2x.png in Resources */ = {isa = PBXBuildFile; fileRef = 9746E97023E1A4AB00A31297 /* Default@2x.png */; };
		9746E9B823E1A4AC00A31297 /* Default@2x.png in Resources */ = {isa = PBXBuildFile; fileRef = 9746E97023E1A4AB00A31297 /* Default@2x.png */; };
		9746E9B923E1A4AC00A31297 /* Default@2x.png in Resources */ = {isa = PBXBuildFile; fileRef = 9746E97023E1A4AB00A31297 /* Default@2x.png */; };
		9746E9BA23E1A4AC00A31297 /* Default@2x.png in Resources */ = {isa = PBXBuildFile; fileRef = 9746E97023E1A4AB00A31297 /* Default@2x.png */; };
		9746E9BB23E1A4AC00A31297 /* lives.png in Resources */ = {isa = PBXBuildFile; fileRef = 9746E97123E1A4AB00A31297 /* lives.png */; };
		9746E9BC23E1A4AC00A31297 /* lives.png in Resources */ = {isa = PBXBuildFile; fileRef = 9746E97123E1A4AB00A31297 /* lives.png */; };
		9746E9BD23E1A4AC00A31297 /* lives.png in Resources */ = {isa = PBXBuildFile; fileRef = 9746E97123E1A4AB00A31297 /* lives.png */; };
		9746E9BE23E1A4AC00A31297 /* lives.png in Resources */ = {isa = PBXBuildFile; fileRef = 9746E97123E1A4AB00A31297 /* lives.png */; };
		9746E9BF23E1A4AC00A31297 /* Assets - iOS.xcassets in Resources */ = {isa = PBXBuildFile; fileRef = 9746E97223E1A4AB00A31297 /* Assets - iOS.xcassets */; };
		9746E9C023E1A4AC00A31297 /* Assets - iOS.xcassets in Resources */ = {isa = PBXBuildFile; fileRef = 9746E97223E1A4AB00A31297 /* Assets - iOS.xcassets */; };
		9746E9C123E1A4AC00A31297 /* Assets - iOS.xcassets in Resources */ = {isa = PBXBuildFile; fileRef = 9746E97223E1A4AB00A31297 /* Assets - iOS.xcassets */; };
		9746E9C223E1A4AC00A31297 /* Assets - iOS.xcassets in Resources */ = {isa = PBXBuildFile; fileRef = 9746E97223E1A4AB00A31297 /* Assets - iOS.xcassets */; };
		9746E9C323E1A4AC00A31297 /* cover@2x.png in Resources */ = {isa = PBXBuildFile; fileRef = 9746E97323E1A4AB00A31297 /* cover@2x.png */; };
		9746E9C423E1A4AC00A31297 /* cover@2x.png in Resources */ = {isa = PBXBuildFile; fileRef = 9746E97323E1A4AB00A31297 /* cover@2x.png */; };
		9746E9C523E1A4AC00A31297 /* cover@2x.png in Resources */ = {isa = PBXBuildFile; fileRef = 9746E97323E1A4AB00A31297 /* cover@2x.png */; };
		9746E9C623E1A4AC00A31297 /* cover@2x.png in Resources */ = {isa = PBXBuildFile; fileRef = 9746E97323E1A4AB00A31297 /* cover@2x.png */; };
		9746E9C723E1A4AC00A31297 /* iconWarrior_pink.png in Resources */ = {isa = PBXBuildFile; fileRef = 9746E97423E1A4AB00A31297 /* iconWarrior_pink.png */; };
		9746E9C823E1A4AC00A31297 /* iconWarrior_pink.png in Resources */ = {isa = PBXBuildFile; fileRef = 9746E97423E1A4AB00A31297 /* iconWarrior_pink.png */; };
		9746E9C923E1A4AC00A31297 /* iconWarrior_pink.png in Resources */ = {isa = PBXBuildFile; fileRef = 9746E97423E1A4AB00A31297 /* iconWarrior_pink.png */; };
		9746E9CA23E1A4AC00A31297 /* iconWarrior_pink.png in Resources */ = {isa = PBXBuildFile; fileRef = 9746E97423E1A4AB00A31297 /* iconWarrior_pink.png */; };
		9746E9CB23E1A4AC00A31297 /* iconWarrior_blue.png in Resources */ = {isa = PBXBuildFile; fileRef = 9746E97523E1A4AB00A31297 /* iconWarrior_blue.png */; };
		9746E9CC23E1A4AC00A31297 /* iconWarrior_blue.png in Resources */ = {isa = PBXBuildFile; fileRef = 9746E97523E1A4AB00A31297 /* iconWarrior_blue.png */; };
		9746E9CD23E1A4AC00A31297 /* iconWarrior_blue.png in Resources */ = {isa = PBXBuildFile; fileRef = 9746E97523E1A4AB00A31297 /* iconWarrior_blue.png */; };
		9746E9CE23E1A4AC00A31297 /* iconWarrior_blue.png in Resources */ = {isa = PBXBuildFile; fileRef = 9746E97523E1A4AB00A31297 /* iconWarrior_blue.png */; };
		9746E9CF23E1A4AC00A31297 /* Default-568h@2x.png in Resources */ = {isa = PBXBuildFile; fileRef = 9746E97623E1A4AB00A31297 /* Default-568h@2x.png */; };
		9746E9D023E1A4AC00A31297 /* Default-568h@2x.png in Resources */ = {isa = PBXBuildFile; fileRef = 9746E97623E1A4AB00A31297 /* Default-568h@2x.png */; };
		9746E9D123E1A4AC00A31297 /* Default-568h@2x.png in Resources */ = {isa = PBXBuildFile; fileRef = 9746E97623E1A4AB00A31297 /* Default-568h@2x.png */; };
		9746E9D223E1A4AC00A31297 /* Default-568h@2x.png in Resources */ = {isa = PBXBuildFile; fileRef = 9746E97623E1A4AB00A31297 /* Default-568h@2x.png */; };
		9746E9D323E1A4AC00A31297 /* logo.png in Resources */ = {isa = PBXBuildFile; fileRef = 9746E97723E1A4AB00A31297 /* logo.png */; };
		9746E9D423E1A4AC00A31297 /* logo.png in Resources */ = {isa = PBXBuildFile; fileRef = 9746E97723E1A4AB00A31297 /* logo.png */; };
		9746E9D523E1A4AC00A31297 /* logo.png in Resources */ = {isa = PBXBuildFile; fileRef = 9746E97723E1A4AB00A31297 /* logo.png */; };
		9746E9D623E1A4AC00A31297 /* logo.png in Resources */ = {isa = PBXBuildFile; fileRef = 9746E97723E1A4AB00A31297 /* logo.png */; };
		9746E9D723E1A4AC00A31297 /* iconWarrior_red.png in Resources */ = {isa = PBXBuildFile; fileRef = 9746E97823E1A4AB00A31297 /* iconWarrior_red.png */; };
		9746E9D823E1A4AC00A31297 /* iconWarrior_red.png in Resources */ = {isa = PBXBuildFile; fileRef = 9746E97823E1A4AB00A31297 /* iconWarrior_red.png */; };
		9746E9D923E1A4AC00A31297 /* iconWarrior_red.png in Resources */ = {isa = PBXBuildFile; fileRef = 9746E97823E1A4AB00A31297 /* iconWarrior_red.png */; };
		9746E9DA23E1A4AC00A31297 /* iconWarrior_red.png in Resources */ = {isa = PBXBuildFile; fileRef = 9746E97823E1A4AB00A31297 /* iconWarrior_red.png */; };
		9746E9DB23E1A4AC00A31297 /* iconWarrior_green.png in Resources */ = {isa = PBXBuildFile; fileRef = 9746E97923E1A4AB00A31297 /* iconWarrior_green.png */; };
		9746E9DC23E1A4AC00A31297 /* iconWarrior_green.png in Resources */ = {isa = PBXBuildFile; fileRef = 9746E97923E1A4AB00A31297 /* iconWarrior_green.png */; };
		9746E9DD23E1A4AC00A31297 /* iconWarrior_green.png in Resources */ = {isa = PBXBuildFile; fileRef = 9746E97923E1A4AB00A31297 /* iconWarrior_green.png */; };
		9746E9DE23E1A4AC00A31297 /* iconWarrior_green.png in Resources */ = {isa = PBXBuildFile; fileRef = 9746E97923E1A4AB00A31297 /* iconWarrior_green.png */; };
		9746E9DF23E1A4AC00A31297 /* button_archer.png in Resources */ = {isa = PBXBuildFile; fileRef = 9746E97A23E1A4AB00A31297 /* button_archer.png */; };
		9746E9E023E1A4AC00A31297 /* button_archer.png in Resources */ = {isa = PBXBuildFile; fileRef = 9746E97A23E1A4AB00A31297 /* button_archer.png */; };
		9746E9E123E1A4AC00A31297 /* button_archer.png in Resources */ = {isa = PBXBuildFile; fileRef = 9746E97A23E1A4AB00A31297 /* button_archer.png */; };
		9746E9E223E1A4AC00A31297 /* button_archer.png in Resources */ = {isa = PBXBuildFile; fileRef = 9746E97A23E1A4AB00A31297 /* button_archer.png */; };
		9746E9E323E1A4AC00A31297 /* Default.png in Resources */ = {isa = PBXBuildFile; fileRef = 9746E97B23E1A4AB00A31297 /* Default.png */; };
		9746E9E423E1A4AC00A31297 /* Default.png in Resources */ = {isa = PBXBuildFile; fileRef = 9746E97B23E1A4AB00A31297 /* Default.png */; };
		9746E9E523E1A4AC00A31297 /* Default.png in Resources */ = {isa = PBXBuildFile; fileRef = 9746E97B23E1A4AB00A31297 /* Default.png */; };
		9746E9E623E1A4AC00A31297 /* Default.png in Resources */ = {isa = PBXBuildFile; fileRef = 9746E97B23E1A4AB00A31297 /* Default.png */; };
		9746E9E723E1A4AC00A31297 /* button_warrior.png in Resources */ = {isa = PBXBuildFile; fileRef = 9746E97C23E1A4AB00A31297 /* button_warrior.png */; };
		9746E9E823E1A4AC00A31297 /* button_warrior.png in Resources */ = {isa = PBXBuildFile; fileRef = 9746E97C23E1A4AB00A31297 /* button_warrior.png */; };
		9746E9E923E1A4AC00A31297 /* button_warrior.png in Resources */ = {isa = PBXBuildFile; fileRef = 9746E97C23E1A4AB00A31297 /* button_warrior.png */; };
		9746E9EA23E1A4AC00A31297 /* button_warrior.png in Resources */ = {isa = PBXBuildFile; fileRef = 9746E97C23E1A4AB00A31297 /* button_warrior.png */; };
		9746EA4323E1A4AC00A31297 /* hardCircle.png in Resources */ = {isa = PBXBuildFile; fileRef = 9746E99923E1A4AC00A31297 /* hardCircle.png */; };
		9746EA4423E1A4AC00A31297 /* hardCircle.png in Resources */ = {isa = PBXBuildFile; fileRef = 9746E99923E1A4AC00A31297 /* hardCircle.png */; };
		9746EA4523E1A4AC00A31297 /* hardCircle.png in Resources */ = {isa = PBXBuildFile; fileRef = 9746E99923E1A4AC00A31297 /* hardCircle.png */; };
		9746EA4623E1A4AC00A31297 /* hardCircle.png in Resources */ = {isa = PBXBuildFile; fileRef = 9746E99923E1A4AC00A31297 /* hardCircle.png */; };
		9746EA4723E1A4AC00A31297 /* CaveFire.sks in Resources */ = {isa = PBXBuildFile; fileRef = 9746E99A23E1A4AC00A31297 /* CaveFire.sks */; };
		9746EA4823E1A4AC00A31297 /* CaveFire.sks in Resources */ = {isa = PBXBuildFile; fileRef = 9746E99A23E1A4AC00A31297 /* CaveFire.sks */; };
		9746EA4923E1A4AC00A31297 /* CaveFire.sks in Resources */ = {isa = PBXBuildFile; fileRef = 9746E99A23E1A4AC00A31297 /* CaveFire.sks */; };
		9746EA4A23E1A4AC00A31297 /* CaveFire.sks in Resources */ = {isa = PBXBuildFile; fileRef = 9746E99A23E1A4AC00A31297 /* CaveFire.sks */; };
		9746EA4B23E1A4AC00A31297 /* Spawn.sks in Resources */ = {isa = PBXBuildFile; fileRef = 9746E99B23E1A4AC00A31297 /* Spawn.sks */; };
		9746EA4C23E1A4AC00A31297 /* Spawn.sks in Resources */ = {isa = PBXBuildFile; fileRef = 9746E99B23E1A4AC00A31297 /* Spawn.sks */; };
		9746EA4D23E1A4AC00A31297 /* Spawn.sks in Resources */ = {isa = PBXBuildFile; fileRef = 9746E99B23E1A4AC00A31297 /* Spawn.sks */; };
		9746EA4E23E1A4AC00A31297 /* Spawn.sks in Resources */ = {isa = PBXBuildFile; fileRef = 9746E99B23E1A4AC00A31297 /* Spawn.sks */; };
		9746EA4F23E1A4AC00A31297 /* CaveFireSmoke.sks in Resources */ = {isa = PBXBuildFile; fileRef = 9746E99C23E1A4AC00A31297 /* CaveFireSmoke.sks */; };
		9746EA5023E1A4AC00A31297 /* CaveFireSmoke.sks in Resources */ = {isa = PBXBuildFile; fileRef = 9746E99C23E1A4AC00A31297 /* CaveFireSmoke.sks */; };
		9746EA5123E1A4AC00A31297 /* CaveFireSmoke.sks in Resources */ = {isa = PBXBuildFile; fileRef = 9746E99C23E1A4AC00A31297 /* CaveFireSmoke.sks */; };
		9746EA5223E1A4AC00A31297 /* CaveFireSmoke.sks in Resources */ = {isa = PBXBuildFile; fileRef = 9746E99C23E1A4AC00A31297 /* CaveFireSmoke.sks */; };
		9746EA5323E1A4AC00A31297 /* Leaves_01.sks in Resources */ = {isa = PBXBuildFile; fileRef = 9746E99D23E1A4AC00A31297 /* Leaves_01.sks */; };
		9746EA5423E1A4AC00A31297 /* Leaves_01.sks in Resources */ = {isa = PBXBuildFile; fileRef = 9746E99D23E1A4AC00A31297 /* Leaves_01.sks */; };
		9746EA5523E1A4AC00A31297 /* Leaves_01.sks in Resources */ = {isa = PBXBuildFile; fileRef = 9746E99D23E1A4AC00A31297 /* Leaves_01.sks */; };
		9746EA5623E1A4AC00A31297 /* Leaves_01.sks in Resources */ = {isa = PBXBuildFile; fileRef = 9746E99D23E1A4AC00A31297 /* Leaves_01.sks */; };
		9746EA5723E1A4AC00A31297 /* Death.sks in Resources */ = {isa = PBXBuildFile; fileRef = 9746E99E23E1A4AC00A31297 /* Death.sks */; };
		9746EA5823E1A4AC00A31297 /* Death.sks in Resources */ = {isa = PBXBuildFile; fileRef = 9746E99E23E1A4AC00A31297 /* Death.sks */; };
		9746EA5923E1A4AC00A31297 /* Death.sks in Resources */ = {isa = PBXBuildFile; fileRef = 9746E99E23E1A4AC00A31297 /* Death.sks */; };
		9746EA5A23E1A4AC00A31297 /* Death.sks in Resources */ = {isa = PBXBuildFile; fileRef = 9746E99E23E1A4AC00A31297 /* Death.sks */; };
		9746EA5B23E1A4AC00A31297 /* Leaves_02.sks in Resources */ = {isa = PBXBuildFile; fileRef = 9746E99F23E1A4AC00A31297 /* Leaves_02.sks */; };
		9746EA5C23E1A4AC00A31297 /* Leaves_02.sks in Resources */ = {isa = PBXBuildFile; fileRef = 9746E99F23E1A4AC00A31297 /* Leaves_02.sks */; };
		9746EA5D23E1A4AC00A31297 /* Leaves_02.sks in Resources */ = {isa = PBXBuildFile; fileRef = 9746E99F23E1A4AC00A31297 /* Leaves_02.sks */; };
		9746EA5E23E1A4AC00A31297 /* Leaves_02.sks in Resources */ = {isa = PBXBuildFile; fileRef = 9746E99F23E1A4AC00A31297 /* Leaves_02.sks */; };
		9746EA5F23E1A4AC00A31297 /* spark.png in Resources */ = {isa = PBXBuildFile; fileRef = 9746E9A023E1A4AC00A31297 /* spark.png */; };
		9746EA6023E1A4AC00A31297 /* spark.png in Resources */ = {isa = PBXBuildFile; fileRef = 9746E9A023E1A4AC00A31297 /* spark.png */; };
		9746EA6123E1A4AC00A31297 /* spark.png in Resources */ = {isa = PBXBuildFile; fileRef = 9746E9A023E1A4AC00A31297 /* spark.png */; };
		9746EA6223E1A4AC00A31297 /* spark.png in Resources */ = {isa = PBXBuildFile; fileRef = 9746E9A023E1A4AC00A31297 /* spark.png */; };
		9746EA6323E1A4AC00A31297 /* Damage.sks in Resources */ = {isa = PBXBuildFile; fileRef = 9746E9A123E1A4AC00A31297 /* Damage.sks */; };
		9746EA6423E1A4AC00A31297 /* Damage.sks in Resources */ = {isa = PBXBuildFile; fileRef = 9746E9A123E1A4AC00A31297 /* Damage.sks */; };
		9746EA6523E1A4AC00A31297 /* Damage.sks in Resources */ = {isa = PBXBuildFile; fileRef = 9746E9A123E1A4AC00A31297 /* Damage.sks */; };
		9746EA6623E1A4AC00A31297 /* Damage.sks in Resources */ = {isa = PBXBuildFile; fileRef = 9746E9A123E1A4AC00A31297 /* Damage.sks */; };
		9746EA6723E1A4AC00A31297 /* ProjectileSplat.sks in Resources */ = {isa = PBXBuildFile; fileRef = 9746E9A223E1A4AC00A31297 /* ProjectileSplat.sks */; };
		9746EA6823E1A4AC00A31297 /* ProjectileSplat.sks in Resources */ = {isa = PBXBuildFile; fileRef = 9746E9A223E1A4AC00A31297 /* ProjectileSplat.sks */; };
		9746EA6923E1A4AC00A31297 /* ProjectileSplat.sks in Resources */ = {isa = PBXBuildFile; fileRef = 9746E9A223E1A4AC00A31297 /* ProjectileSplat.sks */; };
		9746EA6A23E1A4AC00A31297 /* ProjectileSplat.sks in Resources */ = {isa = PBXBuildFile; fileRef = 9746E9A223E1A4AC00A31297 /* ProjectileSplat.sks */; };
		9746EA6B23E1A4AC00A31297 /* WarriorProjectile.sks in Resources */ = {isa = PBXBuildFile; fileRef = 9746E9A323E1A4AC00A31297 /* WarriorProjectile.sks */; };
		9746EA6C23E1A4AC00A31297 /* WarriorProjectile.sks in Resources */ = {isa = PBXBuildFile; fileRef = 9746E9A323E1A4AC00A31297 /* WarriorProjectile.sks */; };
		9746EA6D23E1A4AC00A31297 /* WarriorProjectile.sks in Resources */ = {isa = PBXBuildFile; fileRef = 9746E9A323E1A4AC00A31297 /* WarriorProjectile.sks */; };
		9746EA6E23E1A4AC00A31297 /* WarriorProjectile.sks in Resources */ = {isa = PBXBuildFile; fileRef = 9746E9A323E1A4AC00A31297 /* WarriorProjectile.sks */; };
		9746EA6F23E1A4AC00A31297 /* CaveDeathSmoke.sks in Resources */ = {isa = PBXBuildFile; fileRef = 9746E9A423E1A4AC00A31297 /* CaveDeathSmoke.sks */; };
		9746EA7023E1A4AC00A31297 /* CaveDeathSmoke.sks in Resources */ = {isa = PBXBuildFile; fileRef = 9746E9A423E1A4AC00A31297 /* CaveDeathSmoke.sks */; };
		9746EA7123E1A4AC00A31297 /* CaveDeathSmoke.sks in Resources */ = {isa = PBXBuildFile; fileRef = 9746E9A423E1A4AC00A31297 /* CaveDeathSmoke.sks */; };
		9746EA7223E1A4AC00A31297 /* CaveDeathSmoke.sks in Resources */ = {isa = PBXBuildFile; fileRef = 9746E9A423E1A4AC00A31297 /* CaveDeathSmoke.sks */; };
		9746EA7323E1A4AC00A31297 /* BossDamage.sks in Resources */ = {isa = PBXBuildFile; fileRef = 9746E9A523E1A4AC00A31297 /* BossDamage.sks */; };
		9746EA7423E1A4AC00A31297 /* BossDamage.sks in Resources */ = {isa = PBXBuildFile; fileRef = 9746E9A523E1A4AC00A31297 /* BossDamage.sks */; };
		9746EA7523E1A4AC00A31297 /* BossDamage.sks in Resources */ = {isa = PBXBuildFile; fileRef = 9746E9A523E1A4AC00A31297 /* BossDamage.sks */; };
		9746EA7623E1A4AC00A31297 /* BossDamage.sks in Resources */ = {isa = PBXBuildFile; fileRef = 9746E9A523E1A4AC00A31297 /* BossDamage.sks */; };
		9746EA7723E1A4AC00A31297 /* CaveDamage.sks in Resources */ = {isa = PBXBuildFile; fileRef = 9746E9A623E1A4AC00A31297 /* CaveDamage.sks */; };
		9746EA7823E1A4AC00A31297 /* CaveDamage.sks in Resources */ = {isa = PBXBuildFile; fileRef = 9746E9A623E1A4AC00A31297 /* CaveDamage.sks */; };
		9746EA7923E1A4AC00A31297 /* CaveDamage.sks in Resources */ = {isa = PBXBuildFile; fileRef = 9746E9A623E1A4AC00A31297 /* CaveDamage.sks */; };
		9746EA7A23E1A4AC00A31297 /* CaveDamage.sks in Resources */ = {isa = PBXBuildFile; fileRef = 9746E9A623E1A4AC00A31297 /* CaveDamage.sks */; };
		9746EA7B23E1A4AC00A31297 /* leaf_02.png in Resources */ = {isa = PBXBuildFile; fileRef = 9746E9A723E1A4AC00A31297 /* leaf_02.png */; };
		9746EA7C23E1A4AC00A31297 /* leaf_02.png in Resources */ = {isa = PBXBuildFile; fileRef = 9746E9A723E1A4AC00A31297 /* leaf_02.png */; };
		9746EA7D23E1A4AC00A31297 /* leaf_02.png in Resources */ = {isa = PBXBuildFile; fileRef = 9746E9A723E1A4AC00A31297 /* leaf_02.png */; };
		9746EA7E23E1A4AC00A31297 /* leaf_02.png in Resources */ = {isa = PBXBuildFile; fileRef = 9746E9A723E1A4AC00A31297 /* leaf_02.png */; };
		9746EA7F23E1A4AC00A31297 /* star.png in Resources */ = {isa = PBXBuildFile; fileRef = 9746E9A823E1A4AC00A31297 /* star.png */; };
		9746EA8023E1A4AC00A31297 /* star.png in Resources */ = {isa = PBXBuildFile; fileRef = 9746E9A823E1A4AC00A31297 /* star.png */; };
		9746EA8123E1A4AC00A31297 /* star.png in Resources */ = {isa = PBXBuildFile; fileRef = 9746E9A823E1A4AC00A31297 /* star.png */; };
		9746EA8223E1A4AC00A31297 /* star.png in Resources */ = {isa = PBXBuildFile; fileRef = 9746E9A823E1A4AC00A31297 /* star.png */; };
		9746EA8323E1A4AC00A31297 /* ArcherProjectile.sks in Resources */ = {isa = PBXBuildFile; fileRef = 9746E9A923E1A4AC00A31297 /* ArcherProjectile.sks */; };
		9746EA8423E1A4AC00A31297 /* ArcherProjectile.sks in Resources */ = {isa = PBXBuildFile; fileRef = 9746E9A923E1A4AC00A31297 /* ArcherProjectile.sks */; };
		9746EA8523E1A4AC00A31297 /* ArcherProjectile.sks in Resources */ = {isa = PBXBuildFile; fileRef = 9746E9A923E1A4AC00A31297 /* ArcherProjectile.sks */; };
		9746EA8623E1A4AC00A31297 /* ArcherProjectile.sks in Resources */ = {isa = PBXBuildFile; fileRef = 9746E9A923E1A4AC00A31297 /* ArcherProjectile.sks */; };
		9746EA8723E1A4AC00A31297 /* leaf_00.png in Resources */ = {isa = PBXBuildFile; fileRef = 9746E9AA23E1A4AC00A31297 /* leaf_00.png */; };
		9746EA8823E1A4AC00A31297 /* leaf_00.png in Resources */ = {isa = PBXBuildFile; fileRef = 9746E9AA23E1A4AC00A31297 /* leaf_00.png */; };
		9746EA8923E1A4AC00A31297 /* leaf_00.png in Resources */ = {isa = PBXBuildFile; fileRef = 9746E9AA23E1A4AC00A31297 /* leaf_00.png */; };
		9746EA8A23E1A4AC00A31297 /* leaf_00.png in Resources */ = {isa = PBXBuildFile; fileRef = 9746E9AA23E1A4AC00A31297 /* leaf_00.png */; };
		9746EA8B23E1A4AC00A31297 /* magicmissile.caf in Resources */ = {isa = PBXBuildFile; fileRef = 9746E9AC23E1A4AC00A31297 /* magicmissile.caf */; };
		9746EA8C23E1A4AC00A31297 /* magicmissile.caf in Resources */ = {isa = PBXBuildFile; fileRef = 9746E9AC23E1A4AC00A31297 /* magicmissile.caf */; };
		9746EA8D23E1A4AC00A31297 /* magicmissile.caf in Resources */ = {isa = PBXBuildFile; fileRef = 9746E9AC23E1A4AC00A31297 /* magicmissile.caf */; };
		9746EA8E23E1A4AC00A31297 /* magicmissile.caf in Resources */ = {isa = PBXBuildFile; fileRef = 9746E9AC23E1A4AC00A31297 /* magicmissile.caf */; };
		9746EA8F23E1A4AC00A31297 /* map_level.png in Resources */ = {isa = PBXBuildFile; fileRef = 9746E9AE23E1A4AC00A31297 /* map_level.png */; };
		9746EA9023E1A4AC00A31297 /* map_level.png in Resources */ = {isa = PBXBuildFile; fileRef = 9746E9AE23E1A4AC00A31297 /* map_level.png */; };
		9746EA9123E1A4AC00A31297 /* map_level.png in Resources */ = {isa = PBXBuildFile; fileRef = 9746E9AE23E1A4AC00A31297 /* map_level.png */; };
		9746EA9223E1A4AC00A31297 /* map_level.png in Resources */ = {isa = PBXBuildFile; fileRef = 9746E9AE23E1A4AC00A31297 /* map_level.png */; };
		9746EA9323E1A4AC00A31297 /* map_trees.png in Resources */ = {isa = PBXBuildFile; fileRef = 9746E9AF23E1A4AC00A31297 /* map_trees.png */; };
		9746EA9423E1A4AC00A31297 /* map_trees.png in Resources */ = {isa = PBXBuildFile; fileRef = 9746E9AF23E1A4AC00A31297 /* map_trees.png */; };
		9746EA9523E1A4AC00A31297 /* map_trees.png in Resources */ = {isa = PBXBuildFile; fileRef = 9746E9AF23E1A4AC00A31297 /* map_trees.png */; };
		9746EA9623E1A4AC00A31297 /* map_trees.png in Resources */ = {isa = PBXBuildFile; fileRef = 9746E9AF23E1A4AC00A31297 /* map_trees.png */; };
		9746EA9723E1A4AC00A31297 /* map_level.new.png in Resources */ = {isa = PBXBuildFile; fileRef = 9746E9B023E1A4AC00A31297 /* map_level.new.png */; };
		9746EA9823E1A4AC00A31297 /* map_level.new.png in Resources */ = {isa = PBXBuildFile; fileRef = 9746E9B023E1A4AC00A31297 /* map_level.new.png */; };
		9746EA9923E1A4AC00A31297 /* map_level.new.png in Resources */ = {isa = PBXBuildFile; fileRef = 9746E9B023E1A4AC00A31297 /* map_level.new.png */; };
		9746EA9A23E1A4AC00A31297 /* map_level.new.png in Resources */ = {isa = PBXBuildFile; fileRef = 9746E9B023E1A4AC00A31297 /* map_level.new.png */; };
		9746EA9B23E1A4AC00A31297 /* map_level.old.png in Resources */ = {isa = PBXBuildFile; fileRef = 9746E9B123E1A4AC00A31297 /* map_level.old.png */; };
		9746EA9C23E1A4AC00A31297 /* map_level.old.png in Resources */ = {isa = PBXBuildFile; fileRef = 9746E9B123E1A4AC00A31297 /* map_level.old.png */; };
		9746EA9D23E1A4AC00A31297 /* map_level.old.png in Resources */ = {isa = PBXBuildFile; fileRef = 9746E9B123E1A4AC00A31297 /* map_level.old.png */; };
		9746EA9E23E1A4AC00A31297 /* map_level.old.png in Resources */ = {isa = PBXBuildFile; fileRef = 9746E9B123E1A4AC00A31297 /* map_level.old.png */; };
		9746EA9F23E1A4AC00A31297 /* editor_background.png in Resources */ = {isa = PBXBuildFile; fileRef = 9746E9B223E1A4AC00A31297 /* editor_background.png */; };
		9746EAA023E1A4AC00A31297 /* editor_background.png in Resources */ = {isa = PBXBuildFile; fileRef = 9746E9B223E1A4AC00A31297 /* editor_background.png */; };
		9746EAA123E1A4AC00A31297 /* editor_background.png in Resources */ = {isa = PBXBuildFile; fileRef = 9746E9B223E1A4AC00A31297 /* editor_background.png */; };
		9746EAA223E1A4AC00A31297 /* editor_background.png in Resources */ = {isa = PBXBuildFile; fileRef = 9746E9B223E1A4AC00A31297 /* editor_background.png */; };
		9746EAA423E1A53600A31297 /* ViewController.swift in Sources */ = {isa = PBXBuildFile; fileRef = 9746EAA323E1A53600A31297 /* ViewController.swift */; };
		9746EAA623E1AA4800A31297 /* AdventureSceneiOSEvents.swift in Sources */ = {isa = PBXBuildFile; fileRef = 9746EAA523E1AA4800A31297 /* AdventureSceneiOSEvents.swift */; };
		9746EAA823E1AA5D00A31297 /* AdventureSceneOSXEvents.swift in Sources */ = {isa = PBXBuildFile; fileRef = 9746EAA723E1AA5D00A31297 /* AdventureSceneOSXEvents.swift */; };
		974FFC8823E1F701008597F2 /* Texture.xcassets in Resources */ = {isa = PBXBuildFile; fileRef = 974FFC8723E1F701008597F2 /* Texture.xcassets */; };
		974FFC8923E1F701008597F2 /* Texture.xcassets in Resources */ = {isa = PBXBuildFile; fileRef = 974FFC8723E1F701008597F2 /* Texture.xcassets */; };
		974FFC8A23E1F701008597F2 /* Texture.xcassets in Resources */ = {isa = PBXBuildFile; fileRef = 974FFC8723E1F701008597F2 /* Texture.xcassets */; };
		97B116CB23E07BAA00AEEFA6 /* AppDelegate.swift in Sources */ = {isa = PBXBuildFile; fileRef = 97B116CA23E07BAA00AEEFA6 /* AppDelegate.swift */; };
		97B116D023E07BAA00AEEFA6 /* Main.storyboard in Resources */ = {isa = PBXBuildFile; fileRef = 97B116CE23E07BAA00AEEFA6 /* Main.storyboard */; };
		97B116D323E07BAA00AEEFA6 /* LaunchScreen.storyboard in Resources */ = {isa = PBXBuildFile; fileRef = 97B116D123E07BAA00AEEFA6 /* LaunchScreen.storyboard */; };
		97B116D823E07BAA00AEEFA6 /* Adventure.app in Embed Watch Content */ = {isa = PBXBuildFile; fileRef = 97B116D723E07BAA00AEEFA6 /* Adventure.app */; settings = {ATTRIBUTES = (RemoveHeadersOnCopy, ); }; };
		97B116DE23E07BAA00AEEFA6 /* Interface.storyboard in Resources */ = {isa = PBXBuildFile; fileRef = 97B116DC23E07BAA00AEEFA6 /* Interface.storyboard */; };
		97B116E523E07BAA00AEEFA6 /* Adventure Extension.appex in Embed App Extensions */ = {isa = PBXBuildFile; fileRef = 97B116E423E07BAA00AEEFA6 /* Adventure Extension.appex */; settings = {ATTRIBUTES = (RemoveHeadersOnCopy, ); }; };
		97B116EA23E07BAA00AEEFA6 /* InterfaceController.swift in Sources */ = {isa = PBXBuildFile; fileRef = 97B116E923E07BAA00AEEFA6 /* InterfaceController.swift */; };
		97B116EC23E07BAA00AEEFA6 /* ExtensionDelegate.swift in Sources */ = {isa = PBXBuildFile; fileRef = 97B116EB23E07BAA00AEEFA6 /* ExtensionDelegate.swift */; };
		97B116F523E07BAA00AEEFA6 /* AppDelegate.swift in Sources */ = {isa = PBXBuildFile; fileRef = 97B116F423E07BAA00AEEFA6 /* AppDelegate.swift */; };
		97B116F723E07BAA00AEEFA6 /* GameViewController.swift in Sources */ = {isa = PBXBuildFile; fileRef = 97B116F623E07BAA00AEEFA6 /* GameViewController.swift */; };
		97B116FA23E07BAA00AEEFA6 /* Main.storyboard in Resources */ = {isa = PBXBuildFile; fileRef = 97B116F823E07BAA00AEEFA6 /* Main.storyboard */; };
		97B116FD23E07BAA00AEEFA6 /* LaunchScreen.storyboard in Resources */ = {isa = PBXBuildFile; fileRef = 97B116FB23E07BAA00AEEFA6 /* LaunchScreen.storyboard */; };
		97B1170623E07BAA00AEEFA6 /* AppDelegate.swift in Sources */ = {isa = PBXBuildFile; fileRef = 97B1170523E07BAA00AEEFA6 /* AppDelegate.swift */; };
		97B1170823E07BAA00AEEFA6 /* GameViewController.swift in Sources */ = {isa = PBXBuildFile; fileRef = 97B1170723E07BAA00AEEFA6 /* GameViewController.swift */; };
		97B1170B23E07BAA00AEEFA6 /* Main.storyboard in Resources */ = {isa = PBXBuildFile; fileRef = 97B1170923E07BAA00AEEFA6 /* Main.storyboard */; };
/* End PBXBuildFile section */

/* Begin PBXContainerItemProxy section */
		97B116D923E07BAA00AEEFA6 /* PBXContainerItemProxy */ = {
			isa = PBXContainerItemProxy;
			containerPortal = 97B116BA23E07BA700AEEFA6 /* Project object */;
			proxyType = 1;
			remoteGlobalIDString = 97B116D623E07BAA00AEEFA6;
			remoteInfo = "Adventure watchOS App";
		};
		97B116E623E07BAA00AEEFA6 /* PBXContainerItemProxy */ = {
			isa = PBXContainerItemProxy;
			containerPortal = 97B116BA23E07BA700AEEFA6 /* Project object */;
			proxyType = 1;
			remoteGlobalIDString = 97B116E323E07BAA00AEEFA6;
			remoteInfo = "Adventure watchOS App Extension";
		};
/* End PBXContainerItemProxy section */

/* Begin PBXCopyFilesBuildPhase section */
		97B1172123E07BAA00AEEFA6 /* Embed App Extensions */ = {
			isa = PBXCopyFilesBuildPhase;
			buildActionMask = 2147483647;
			dstPath = "";
			dstSubfolderSpec = 13;
			files = (
				97B116E523E07BAA00AEEFA6 /* Adventure Extension.appex in Embed App Extensions */,
			);
			name = "Embed App Extensions";
			runOnlyForDeploymentPostprocessing = 0;
		};
		97B1172523E07BAA00AEEFA6 /* Embed Watch Content */ = {
			isa = PBXCopyFilesBuildPhase;
			buildActionMask = 2147483647;
			dstPath = "$(CONTENTS_FOLDER_PATH)/Watch";
			dstSubfolderSpec = 16;
			files = (
				97B116D823E07BAA00AEEFA6 /* Adventure.app in Embed Watch Content */,
			);
			name = "Embed Watch Content";
			runOnlyForDeploymentPostprocessing = 0;
		};
/* End PBXCopyFilesBuildPhase section */

/* Begin PBXFileReference section */
		9746E91B23E1A47400A31297 /* AdventureHUD.sks */ = {isa = PBXFileReference; lastKnownFileType = file.sks; path = AdventureHUD.sks; sourceTree = "<group>"; };
		9746E91D23E1A47400A31297 /* GraphicsUtilities.swift */ = {isa = PBXFileReference; fileEncoding = 4; lastKnownFileType = sourcecode.swift; path = GraphicsUtilities.swift; sourceTree = "<group>"; };
		9746E91F23E1A47400A31297 /* SpawnArtificialIntelligence.swift */ = {isa = PBXFileReference; fileEncoding = 4; lastKnownFileType = sourcecode.swift; path = SpawnArtificialIntelligence.swift; sourceTree = "<group>"; };
		9746E92023E1A47400A31297 /* ChaseArtificialIntelligence.swift */ = {isa = PBXFileReference; fileEncoding = 4; lastKnownFileType = sourcecode.swift; path = ChaseArtificialIntelligence.swift; sourceTree = "<group>"; };
		9746E92123E1A47400A31297 /* ArtificialIntelligence.swift */ = {isa = PBXFileReference; fileEncoding = 4; lastKnownFileType = sourcecode.swift; path = ArtificialIntelligence.swift; sourceTree = "<group>"; };
		9746E92323E1A47400A31297 /* Warrior.swift */ = {isa = PBXFileReference; fileEncoding = 4; lastKnownFileType = sourcecode.swift; path = Warrior.swift; sourceTree = "<group>"; };
		9746E92423E1A47400A31297 /* EnemyCharacter.swift */ = {isa = PBXFileReference; fileEncoding = 4; lastKnownFileType = sourcecode.swift; path = EnemyCharacter.swift; sourceTree = "<group>"; };
		9746E92523E1A47400A31297 /* Goblin.swift */ = {isa = PBXFileReference; fileEncoding = 4; lastKnownFileType = sourcecode.swift; path = Goblin.swift; sourceTree = "<group>"; };
		9746E92623E1A47400A31297 /* Character.swift */ = {isa = PBXFileReference; fileEncoding = 4; lastKnownFileType = sourcecode.swift; path = Character.swift; sourceTree = "<group>"; };
		9746E92723E1A47400A31297 /* Cave.swift */ = {isa = PBXFileReference; fileEncoding = 4; lastKnownFileType = sourcecode.swift; path = Cave.swift; sourceTree = "<group>"; };
		9746E92823E1A47400A31297 /* ParallaxSprite.swift */ = {isa = PBXFileReference; fileEncoding = 4; lastKnownFileType = sourcecode.swift; path = ParallaxSprite.swift; sourceTree = "<group>"; };
		9746E92923E1A47400A31297 /* Boss.swift */ = {isa = PBXFileReference; fileEncoding = 4; lastKnownFileType = sourcecode.swift; path = Boss.swift; sourceTree = "<group>"; };
		9746E92A23E1A47400A31297 /* Tree.swift */ = {isa = PBXFileReference; fileEncoding = 4; lastKnownFileType = sourcecode.swift; path = Tree.swift; sourceTree = "<group>"; };
		9746E92B23E1A47400A31297 /* HeroCharacter.swift */ = {isa = PBXFileReference; fileEncoding = 4; lastKnownFileType = sourcecode.swift; path = HeroCharacter.swift; sourceTree = "<group>"; };
		9746E92C23E1A47400A31297 /* Archer.swift */ = {isa = PBXFileReference; fileEncoding = 4; lastKnownFileType = sourcecode.swift; path = Archer.swift; sourceTree = "<group>"; };
		9746E92E23E1A47400A31297 /* AdventureScene.swift */ = {isa = PBXFileReference; fileEncoding = 4; lastKnownFileType = sourcecode.swift; path = AdventureScene.swift; sourceTree = "<group>"; };
		9746E92F23E1A47400A31297 /* Player.swift */ = {isa = PBXFileReference; fileEncoding = 4; lastKnownFileType = sourcecode.swift; path = Player.swift; sourceTree = "<group>"; };
		9746E93023E1A47400A31297 /* SharedAssetManagement.swift */ = {isa = PBXFileReference; fileEncoding = 4; lastKnownFileType = sourcecode.swift; path = SharedAssetManagement.swift; sourceTree = "<group>"; };
		9746E93123E1A47400A31297 /* AdventureWorld.sks */ = {isa = PBXFileReference; lastKnownFileType = file.sks; path = AdventureWorld.sks; sourceTree = "<group>"; };
		9746E96F23E1A4AB00A31297 /* Assets - OS X.xcassets */ = {isa = PBXFileReference; lastKnownFileType = folder.assetcatalog; path = "Assets - OS X.xcassets"; sourceTree = "<group>"; };
		9746E97023E1A4AB00A31297 /* Default@2x.png */ = {isa = PBXFileReference; lastKnownFileType = image.png; path = "Default@2x.png"; sourceTree = "<group>"; };
		9746E97123E1A4AB00A31297 /* lives.png */ = {isa = PBXFileReference; lastKnownFileType = image.png; path = lives.png; sourceTree = "<group>"; };
		9746E97223E1A4AB00A31297 /* Assets - iOS.xcassets */ = {isa = PBXFileReference; lastKnownFileType = folder.assetcatalog; path = "Assets - iOS.xcassets"; sourceTree = "<group>"; };
		9746E97323E1A4AB00A31297 /* cover@2x.png */ = {isa = PBXFileReference; lastKnownFileType = image.png; path = "cover@2x.png"; sourceTree = "<group>"; };
		9746E97423E1A4AB00A31297 /* iconWarrior_pink.png */ = {isa = PBXFileReference; lastKnownFileType = image.png; path = iconWarrior_pink.png; sourceTree = "<group>"; };
		9746E97523E1A4AB00A31297 /* iconWarrior_blue.png */ = {isa = PBXFileReference; lastKnownFileType = image.png; path = iconWarrior_blue.png; sourceTree = "<group>"; };
		9746E97623E1A4AB00A31297 /* Default-568h@2x.png */ = {isa = PBXFileReference; lastKnownFileType = image.png; path = "Default-568h@2x.png"; sourceTree = "<group>"; };
		9746E97723E1A4AB00A31297 /* logo.png */ = {isa = PBXFileReference; lastKnownFileType = image.png; path = logo.png; sourceTree = "<group>"; };
		9746E97823E1A4AB00A31297 /* iconWarrior_red.png */ = {isa = PBXFileReference; lastKnownFileType = image.png; path = iconWarrior_red.png; sourceTree = "<group>"; };
		9746E97923E1A4AB00A31297 /* iconWarrior_green.png */ = {isa = PBXFileReference; lastKnownFileType = image.png; path = iconWarrior_green.png; sourceTree = "<group>"; };
		9746E97A23E1A4AB00A31297 /* button_archer.png */ = {isa = PBXFileReference; lastKnownFileType = image.png; path = button_archer.png; sourceTree = "<group>"; };
		9746E97B23E1A4AB00A31297 /* Default.png */ = {isa = PBXFileReference; lastKnownFileType = image.png; path = Default.png; sourceTree = "<group>"; };
		9746E97C23E1A4AB00A31297 /* button_warrior.png */ = {isa = PBXFileReference; lastKnownFileType = image.png; path = button_warrior.png; sourceTree = "<group>"; };
		9746E99923E1A4AC00A31297 /* hardCircle.png */ = {isa = PBXFileReference; lastKnownFileType = image.png; path = hardCircle.png; sourceTree = "<group>"; };
		9746E99A23E1A4AC00A31297 /* CaveFire.sks */ = {isa = PBXFileReference; lastKnownFileType = file.sks; path = CaveFire.sks; sourceTree = "<group>"; };
		9746E99B23E1A4AC00A31297 /* Spawn.sks */ = {isa = PBXFileReference; lastKnownFileType = file.sks; path = Spawn.sks; sourceTree = "<group>"; };
		9746E99C23E1A4AC00A31297 /* CaveFireSmoke.sks */ = {isa = PBXFileReference; lastKnownFileType = file.sks; path = CaveFireSmoke.sks; sourceTree = "<group>"; };
		9746E99D23E1A4AC00A31297 /* Leaves_01.sks */ = {isa = PBXFileReference; lastKnownFileType = file.sks; path = Leaves_01.sks; sourceTree = "<group>"; };
		9746E99E23E1A4AC00A31297 /* Death.sks */ = {isa = PBXFileReference; lastKnownFileType = file.sks; path = Death.sks; sourceTree = "<group>"; };
		9746E99F23E1A4AC00A31297 /* Leaves_02.sks */ = {isa = PBXFileReference; lastKnownFileType = file.sks; path = Leaves_02.sks; sourceTree = "<group>"; };
		9746E9A023E1A4AC00A31297 /* spark.png */ = {isa = PBXFileReference; lastKnownFileType = image.png; path = spark.png; sourceTree = "<group>"; };
		9746E9A123E1A4AC00A31297 /* Damage.sks */ = {isa = PBXFileReference; lastKnownFileType = file.sks; path = Damage.sks; sourceTree = "<group>"; };
		9746E9A223E1A4AC00A31297 /* ProjectileSplat.sks */ = {isa = PBXFileReference; lastKnownFileType = file.sks; path = ProjectileSplat.sks; sourceTree = "<group>"; };
		9746E9A323E1A4AC00A31297 /* WarriorProjectile.sks */ = {isa = PBXFileReference; lastKnownFileType = file.sks; path = WarriorProjectile.sks; sourceTree = "<group>"; };
		9746E9A423E1A4AC00A31297 /* CaveDeathSmoke.sks */ = {isa = PBXFileReference; lastKnownFileType = file.sks; path = CaveDeathSmoke.sks; sourceTree = "<group>"; };
		9746E9A523E1A4AC00A31297 /* BossDamage.sks */ = {isa = PBXFileReference; lastKnownFileType = file.sks; path = BossDamage.sks; sourceTree = "<group>"; };
		9746E9A623E1A4AC00A31297 /* CaveDamage.sks */ = {isa = PBXFileReference; lastKnownFileType = file.sks; path = CaveDamage.sks; sourceTree = "<group>"; };
		9746E9A723E1A4AC00A31297 /* leaf_02.png */ = {isa = PBXFileReference; lastKnownFileType = image.png; path = leaf_02.png; sourceTree = "<group>"; };
		9746E9A823E1A4AC00A31297 /* star.png */ = {isa = PBXFileReference; lastKnownFileType = image.png; path = star.png; sourceTree = "<group>"; };
		9746E9A923E1A4AC00A31297 /* ArcherProjectile.sks */ = {isa = PBXFileReference; lastKnownFileType = file.sks; path = ArcherProjectile.sks; sourceTree = "<group>"; };
		9746E9AA23E1A4AC00A31297 /* leaf_00.png */ = {isa = PBXFileReference; lastKnownFileType = image.png; path = leaf_00.png; sourceTree = "<group>"; };
		9746E9AC23E1A4AC00A31297 /* magicmissile.caf */ = {isa = PBXFileReference; lastKnownFileType = file; path = magicmissile.caf; sourceTree = "<group>"; };
		9746E9AE23E1A4AC00A31297 /* map_level.png */ = {isa = PBXFileReference; lastKnownFileType = image.png; path = map_level.png; sourceTree = "<group>"; };
		9746E9AF23E1A4AC00A31297 /* map_trees.png */ = {isa = PBXFileReference; lastKnownFileType = image.png; path = map_trees.png; sourceTree = "<group>"; };
		9746E9B023E1A4AC00A31297 /* map_level.new.png */ = {isa = PBXFileReference; lastKnownFileType = image.png; path = map_level.new.png; sourceTree = "<group>"; };
		9746E9B123E1A4AC00A31297 /* map_level.old.png */ = {isa = PBXFileReference; lastKnownFileType = image.png; path = map_level.old.png; sourceTree = "<group>"; };
		9746E9B223E1A4AC00A31297 /* editor_background.png */ = {isa = PBXFileReference; lastKnownFileType = image.png; path = editor_background.png; sourceTree = "<group>"; };
		9746EAA323E1A53600A31297 /* ViewController.swift */ = {isa = PBXFileReference; fileEncoding = 4; lastKnownFileType = sourcecode.swift; path = ViewController.swift; sourceTree = "<group>"; };
		9746EAA523E1AA4800A31297 /* AdventureSceneiOSEvents.swift */ = {isa = PBXFileReference; fileEncoding = 4; lastKnownFileType = sourcecode.swift; path = AdventureSceneiOSEvents.swift; sourceTree = "<group>"; };
		9746EAA723E1AA5D00A31297 /* AdventureSceneOSXEvents.swift */ = {isa = PBXFileReference; fileEncoding = 4; lastKnownFileType = sourcecode.swift; path = AdventureSceneOSXEvents.swift; sourceTree = "<group>"; };
		974FFC8723E1F701008597F2 /* Texture.xcassets */ = {isa = PBXFileReference; lastKnownFileType = folder.assetcatalog; path = Texture.xcassets; sourceTree = "<group>"; };
		97B116C723E07BAA00AEEFA6 /* Adventure.app */ = {isa = PBXFileReference; explicitFileType = wrapper.application; includeInIndex = 0; path = Adventure.app; sourceTree = BUILT_PRODUCTS_DIR; };
		97B116CA23E07BAA00AEEFA6 /* AppDelegate.swift */ = {isa = PBXFileReference; lastKnownFileType = sourcecode.swift; path = AppDelegate.swift; sourceTree = "<group>"; };
		97B116CF23E07BAA00AEEFA6 /* Base */ = {isa = PBXFileReference; lastKnownFileType = file.storyboard; name = Base; path = Base.lproj/Main.storyboard; sourceTree = "<group>"; };
		97B116D223E07BAA00AEEFA6 /* Base */ = {isa = PBXFileReference; lastKnownFileType = file.storyboard; name = Base; path = Base.lproj/LaunchScreen.storyboard; sourceTree = "<group>"; };
		97B116D423E07BAA00AEEFA6 /* Info.plist */ = {isa = PBXFileReference; lastKnownFileType = text.plist.xml; path = Info.plist; sourceTree = "<group>"; };
		97B116D723E07BAA00AEEFA6 /* Adventure.app */ = {isa = PBXFileReference; explicitFileType = wrapper.application; includeInIndex = 0; path = Adventure.app; sourceTree = BUILT_PRODUCTS_DIR; };
		97B116DD23E07BAA00AEEFA6 /* Base */ = {isa = PBXFileReference; lastKnownFileType = file.storyboard; name = Base; path = Base.lproj/Interface.storyboard; sourceTree = "<group>"; };
		97B116DF23E07BAA00AEEFA6 /* Info.plist */ = {isa = PBXFileReference; lastKnownFileType = text.plist.xml; path = Info.plist; sourceTree = "<group>"; };
		97B116E423E07BAA00AEEFA6 /* Adventure Extension.appex */ = {isa = PBXFileReference; explicitFileType = "wrapper.app-extension"; includeInIndex = 0; path = "Adventure Extension.appex"; sourceTree = BUILT_PRODUCTS_DIR; };
		97B116E923E07BAA00AEEFA6 /* InterfaceController.swift */ = {isa = PBXFileReference; lastKnownFileType = sourcecode.swift; path = InterfaceController.swift; sourceTree = "<group>"; };
		97B116EB23E07BAA00AEEFA6 /* ExtensionDelegate.swift */ = {isa = PBXFileReference; lastKnownFileType = sourcecode.swift; path = ExtensionDelegate.swift; sourceTree = "<group>"; };
		97B116ED23E07BAA00AEEFA6 /* Info.plist */ = {isa = PBXFileReference; lastKnownFileType = text.plist.xml; path = Info.plist; sourceTree = "<group>"; };
		97B116F223E07BAA00AEEFA6 /* Adventure.app */ = {isa = PBXFileReference; explicitFileType = wrapper.application; includeInIndex = 0; path = Adventure.app; sourceTree = BUILT_PRODUCTS_DIR; };
		97B116F423E07BAA00AEEFA6 /* AppDelegate.swift */ = {isa = PBXFileReference; lastKnownFileType = sourcecode.swift; path = AppDelegate.swift; sourceTree = "<group>"; };
		97B116F623E07BAA00AEEFA6 /* GameViewController.swift */ = {isa = PBXFileReference; lastKnownFileType = sourcecode.swift; path = GameViewController.swift; sourceTree = "<group>"; };
		97B116F923E07BAA00AEEFA6 /* Base */ = {isa = PBXFileReference; lastKnownFileType = file.storyboard; name = Base; path = Base.lproj/Main.storyboard; sourceTree = "<group>"; };
		97B116FC23E07BAA00AEEFA6 /* Base */ = {isa = PBXFileReference; lastKnownFileType = file.storyboard; name = Base; path = Base.lproj/LaunchScreen.storyboard; sourceTree = "<group>"; };
		97B116FE23E07BAA00AEEFA6 /* Info.plist */ = {isa = PBXFileReference; lastKnownFileType = text.plist.xml; path = Info.plist; sourceTree = "<group>"; };
		97B1170323E07BAA00AEEFA6 /* Adventure.app */ = {isa = PBXFileReference; explicitFileType = wrapper.application; includeInIndex = 0; path = Adventure.app; sourceTree = BUILT_PRODUCTS_DIR; };
		97B1170523E07BAA00AEEFA6 /* AppDelegate.swift */ = {isa = PBXFileReference; lastKnownFileType = sourcecode.swift; path = AppDelegate.swift; sourceTree = "<group>"; };
		97B1170723E07BAA00AEEFA6 /* GameViewController.swift */ = {isa = PBXFileReference; lastKnownFileType = sourcecode.swift; path = GameViewController.swift; sourceTree = "<group>"; };
		97B1170A23E07BAA00AEEFA6 /* Base */ = {isa = PBXFileReference; lastKnownFileType = file.storyboard; name = Base; path = Base.lproj/Main.storyboard; sourceTree = "<group>"; };
		97B1170C23E07BAA00AEEFA6 /* Info.plist */ = {isa = PBXFileReference; lastKnownFileType = text.plist.xml; path = Info.plist; sourceTree = "<group>"; };
/* End PBXFileReference section */

/* Begin PBXFrameworksBuildPhase section */
		97B116C423E07BAA00AEEFA6 /* Frameworks */ = {
			isa = PBXFrameworksBuildPhase;
			buildActionMask = 2147483647;
			files = (
			);
			runOnlyForDeploymentPostprocessing = 0;
		};
		97B116E123E07BAA00AEEFA6 /* Frameworks */ = {
			isa = PBXFrameworksBuildPhase;
			buildActionMask = 2147483647;
			files = (
			);
			runOnlyForDeploymentPostprocessing = 0;
		};
		97B116EF23E07BAA00AEEFA6 /* Frameworks */ = {
			isa = PBXFrameworksBuildPhase;
			buildActionMask = 2147483647;
			files = (
			);
			runOnlyForDeploymentPostprocessing = 0;
		};
		97B1170023E07BAA00AEEFA6 /* Frameworks */ = {
			isa = PBXFrameworksBuildPhase;
			buildActionMask = 2147483647;
			files = (
			);
			runOnlyForDeploymentPostprocessing = 0;
		};
/* End PBXFrameworksBuildPhase section */

/* Begin PBXGroup section */
		9746E91A23E1A47400A31297 /* Adventure Shared */ = {
			isa = PBXGroup;
			children = (
				9746E91B23E1A47400A31297 /* AdventureHUD.sks */,
				9746E91C23E1A47400A31297 /* Utilities */,
				9746E91E23E1A47400A31297 /* AI */,
				9746E92223E1A47400A31297 /* Sprites */,
				9746E92D23E1A47400A31297 /* Scene */,
				9746E93123E1A47400A31297 /* AdventureWorld.sks */,
			);
			path = "Adventure Shared";
			sourceTree = "<group>";
		};
		9746E91C23E1A47400A31297 /* Utilities */ = {
			isa = PBXGroup;
			children = (
				9746E91D23E1A47400A31297 /* GraphicsUtilities.swift */,
			);
			path = Utilities;
			sourceTree = "<group>";
		};
		9746E91E23E1A47400A31297 /* AI */ = {
			isa = PBXGroup;
			children = (
				9746E91F23E1A47400A31297 /* SpawnArtificialIntelligence.swift */,
				9746E92023E1A47400A31297 /* ChaseArtificialIntelligence.swift */,
				9746E92123E1A47400A31297 /* ArtificialIntelligence.swift */,
			);
			path = AI;
			sourceTree = "<group>";
		};
		9746E92223E1A47400A31297 /* Sprites */ = {
			isa = PBXGroup;
			children = (
				9746E92323E1A47400A31297 /* Warrior.swift */,
				9746E92423E1A47400A31297 /* EnemyCharacter.swift */,
				9746E92523E1A47400A31297 /* Goblin.swift */,
				9746E92623E1A47400A31297 /* Character.swift */,
				9746E92723E1A47400A31297 /* Cave.swift */,
				9746E92823E1A47400A31297 /* ParallaxSprite.swift */,
				9746E92923E1A47400A31297 /* Boss.swift */,
				9746E92A23E1A47400A31297 /* Tree.swift */,
				9746E92B23E1A47400A31297 /* HeroCharacter.swift */,
				9746E92C23E1A47400A31297 /* Archer.swift */,
			);
			path = Sprites;
			sourceTree = "<group>";
		};
		9746E92D23E1A47400A31297 /* Scene */ = {
			isa = PBXGroup;
			children = (
				9746E92E23E1A47400A31297 /* AdventureScene.swift */,
				9746E92F23E1A47400A31297 /* Player.swift */,
				9746E93023E1A47400A31297 /* SharedAssetManagement.swift */,
			);
			path = Scene;
			sourceTree = "<group>";
		};
		9746E96D23E1A4AB00A31297 /* Assets */ = {
			isa = PBXGroup;
			children = (
				9746E96E23E1A4AB00A31297 /* UI */,
				9746E99823E1A4AC00A31297 /* Particles */,
				9746E9AB23E1A4AC00A31297 /* Sounds */,
				9746E9AD23E1A4AC00A31297 /* Environment */,
			);
			path = Assets;
			sourceTree = "<group>";
		};
		9746E96E23E1A4AB00A31297 /* UI */ = {
			isa = PBXGroup;
			children = (
				9746E96F23E1A4AB00A31297 /* Assets - OS X.xcassets */,
				9746E97023E1A4AB00A31297 /* Default@2x.png */,
				9746E97123E1A4AB00A31297 /* lives.png */,
				9746E97223E1A4AB00A31297 /* Assets - iOS.xcassets */,
				9746E97323E1A4AB00A31297 /* cover@2x.png */,
				9746E97423E1A4AB00A31297 /* iconWarrior_pink.png */,
				9746E97523E1A4AB00A31297 /* iconWarrior_blue.png */,
				9746E97623E1A4AB00A31297 /* Default-568h@2x.png */,
				9746E97723E1A4AB00A31297 /* logo.png */,
				9746E97823E1A4AB00A31297 /* iconWarrior_red.png */,
				9746E97923E1A4AB00A31297 /* iconWarrior_green.png */,
				9746E97A23E1A4AB00A31297 /* button_archer.png */,
				9746E97B23E1A4AB00A31297 /* Default.png */,
				9746E97C23E1A4AB00A31297 /* button_warrior.png */,
			);
			path = UI;
			sourceTree = "<group>";
		};
		9746E99823E1A4AC00A31297 /* Particles */ = {
			isa = PBXGroup;
			children = (
				9746E99923E1A4AC00A31297 /* hardCircle.png */,
				9746E99A23E1A4AC00A31297 /* CaveFire.sks */,
				9746E99B23E1A4AC00A31297 /* Spawn.sks */,
				9746E99C23E1A4AC00A31297 /* CaveFireSmoke.sks */,
				9746E99D23E1A4AC00A31297 /* Leaves_01.sks */,
				9746E99E23E1A4AC00A31297 /* Death.sks */,
				9746E99F23E1A4AC00A31297 /* Leaves_02.sks */,
				9746E9A023E1A4AC00A31297 /* spark.png */,
				9746E9A123E1A4AC00A31297 /* Damage.sks */,
				9746E9A223E1A4AC00A31297 /* ProjectileSplat.sks */,
				9746E9A323E1A4AC00A31297 /* WarriorProjectile.sks */,
				9746E9A423E1A4AC00A31297 /* CaveDeathSmoke.sks */,
				9746E9A523E1A4AC00A31297 /* BossDamage.sks */,
				9746E9A623E1A4AC00A31297 /* CaveDamage.sks */,
				9746E9A723E1A4AC00A31297 /* leaf_02.png */,
				9746E9A823E1A4AC00A31297 /* star.png */,
				9746E9A923E1A4AC00A31297 /* ArcherProjectile.sks */,
				9746E9AA23E1A4AC00A31297 /* leaf_00.png */,
			);
			path = Particles;
			sourceTree = "<group>";
		};
		9746E9AB23E1A4AC00A31297 /* Sounds */ = {
			isa = PBXGroup;
			children = (
				9746E9AC23E1A4AC00A31297 /* magicmissile.caf */,
			);
			path = Sounds;
			sourceTree = "<group>";
		};
		9746E9AD23E1A4AC00A31297 /* Environment */ = {
			isa = PBXGroup;
			children = (
				9746E9AE23E1A4AC00A31297 /* map_level.png */,
				9746E9AF23E1A4AC00A31297 /* map_trees.png */,
				9746E9B023E1A4AC00A31297 /* map_level.new.png */,
				9746E9B123E1A4AC00A31297 /* map_level.old.png */,
				9746E9B223E1A4AC00A31297 /* editor_background.png */,
			);
			path = Environment;
			sourceTree = "<group>";
		};
		97B116B923E07BA700AEEFA6 = {
			isa = PBXGroup;
			children = (
				974FFC8723E1F701008597F2 /* Texture.xcassets */,
				9746E96D23E1A4AB00A31297 /* Assets */,
				9746E91A23E1A47400A31297 /* Adventure Shared */,
				97B116C923E07BAA00AEEFA6 /* Adventure iOS */,
				97B116DB23E07BAA00AEEFA6 /* Adventure watchOS App */,
				97B116E823E07BAA00AEEFA6 /* Adventure watchOS App Extension */,
				97B116F323E07BAA00AEEFA6 /* Adventure tvOS */,
				97B1170423E07BAA00AEEFA6 /* Adventure macOS */,
				97B116C823E07BAA00AEEFA6 /* Products */,
			);
			sourceTree = "<group>";
		};
		97B116C823E07BAA00AEEFA6 /* Products */ = {
			isa = PBXGroup;
			children = (
				97B116C723E07BAA00AEEFA6 /* Adventure.app */,
				97B116D723E07BAA00AEEFA6 /* Adventure.app */,
				97B116E423E07BAA00AEEFA6 /* Adventure Extension.appex */,
				97B116F223E07BAA00AEEFA6 /* Adventure.app */,
				97B1170323E07BAA00AEEFA6 /* Adventure.app */,
			);
			name = Products;
			sourceTree = "<group>";
		};
		97B116C923E07BAA00AEEFA6 /* Adventure iOS */ = {
			isa = PBXGroup;
			children = (
				9746EAA523E1AA4800A31297 /* AdventureSceneiOSEvents.swift */,
				9746EAA323E1A53600A31297 /* ViewController.swift */,
				97B116CA23E07BAA00AEEFA6 /* AppDelegate.swift */,
				97B116CE23E07BAA00AEEFA6 /* Main.storyboard */,
				97B116D123E07BAA00AEEFA6 /* LaunchScreen.storyboard */,
				97B116D423E07BAA00AEEFA6 /* Info.plist */,
			);
			path = "Adventure iOS";
			sourceTree = "<group>";
		};
		97B116DB23E07BAA00AEEFA6 /* Adventure watchOS App */ = {
			isa = PBXGroup;
			children = (
				97B116DC23E07BAA00AEEFA6 /* Interface.storyboard */,
				97B116DF23E07BAA00AEEFA6 /* Info.plist */,
			);
			path = "Adventure watchOS App";
			sourceTree = "<group>";
		};
		97B116E823E07BAA00AEEFA6 /* Adventure watchOS App Extension */ = {
			isa = PBXGroup;
			children = (
				97B116E923E07BAA00AEEFA6 /* InterfaceController.swift */,
				97B116EB23E07BAA00AEEFA6 /* ExtensionDelegate.swift */,
				97B116ED23E07BAA00AEEFA6 /* Info.plist */,
			);
			path = "Adventure watchOS App Extension";
			sourceTree = "<group>";
		};
		97B116F323E07BAA00AEEFA6 /* Adventure tvOS */ = {
			isa = PBXGroup;
			children = (
				97B116F423E07BAA00AEEFA6 /* AppDelegate.swift */,
				97B116F623E07BAA00AEEFA6 /* GameViewController.swift */,
				97B116F823E07BAA00AEEFA6 /* Main.storyboard */,
				97B116FB23E07BAA00AEEFA6 /* LaunchScreen.storyboard */,
				97B116FE23E07BAA00AEEFA6 /* Info.plist */,
			);
			path = "Adventure tvOS";
			sourceTree = "<group>";
		};
		97B1170423E07BAA00AEEFA6 /* Adventure macOS */ = {
			isa = PBXGroup;
			children = (
				9746EAA723E1AA5D00A31297 /* AdventureSceneOSXEvents.swift */,
				97B1170523E07BAA00AEEFA6 /* AppDelegate.swift */,
				97B1170723E07BAA00AEEFA6 /* GameViewController.swift */,
				97B1170923E07BAA00AEEFA6 /* Main.storyboard */,
				97B1170C23E07BAA00AEEFA6 /* Info.plist */,
			);
			path = "Adventure macOS";
			sourceTree = "<group>";
		};
/* End PBXGroup section */

/* Begin PBXNativeTarget section */
		97B116C623E07BAA00AEEFA6 /* Adventure iOS */ = {
			isa = PBXNativeTarget;
			buildConfigurationList = 97B1172623E07BAA00AEEFA6 /* Build configuration list for PBXNativeTarget "Adventure iOS" */;
			buildPhases = (
				97B116C323E07BAA00AEEFA6 /* Sources */,
				97B116C423E07BAA00AEEFA6 /* Frameworks */,
				97B116C523E07BAA00AEEFA6 /* Resources */,
				97B1172523E07BAA00AEEFA6 /* Embed Watch Content */,
			);
			buildRules = (
			);
			dependencies = (
				97B116DA23E07BAA00AEEFA6 /* PBXTargetDependency */,
			);
			name = "Adventure iOS";
			productName = "Adventure iOS";
			productReference = 97B116C723E07BAA00AEEFA6 /* Adventure.app */;
			productType = "com.apple.product-type.application";
		};
		97B116D623E07BAA00AEEFA6 /* Adventure watchOS App */ = {
			isa = PBXNativeTarget;
			buildConfigurationList = 97B1172223E07BAA00AEEFA6 /* Build configuration list for PBXNativeTarget "Adventure watchOS App" */;
			buildPhases = (
				97B116D523E07BAA00AEEFA6 /* Resources */,
				97B1172123E07BAA00AEEFA6 /* Embed App Extensions */,
			);
			buildRules = (
			);
			dependencies = (
				97B116E723E07BAA00AEEFA6 /* PBXTargetDependency */,
			);
			name = "Adventure watchOS App";
			productName = "Adventure watchOS App";
			productReference = 97B116D723E07BAA00AEEFA6 /* Adventure.app */;
			productType = "com.apple.product-type.application.watchapp2";
		};
		97B116E323E07BAA00AEEFA6 /* Adventure watchOS App Extension */ = {
			isa = PBXNativeTarget;
			buildConfigurationList = 97B1171E23E07BAA00AEEFA6 /* Build configuration list for PBXNativeTarget "Adventure watchOS App Extension" */;
			buildPhases = (
				97B116E023E07BAA00AEEFA6 /* Sources */,
				97B116E123E07BAA00AEEFA6 /* Frameworks */,
				97B116E223E07BAA00AEEFA6 /* Resources */,
			);
			buildRules = (
			);
			dependencies = (
			);
			name = "Adventure watchOS App Extension";
			productName = "Adventure watchOS App Extension";
			productReference = 97B116E423E07BAA00AEEFA6 /* Adventure Extension.appex */;
			productType = "com.apple.product-type.watchkit2-extension";
		};
		97B116F123E07BAA00AEEFA6 /* Adventure tvOS */ = {
			isa = PBXNativeTarget;
			buildConfigurationList = 97B1172923E07BAA00AEEFA6 /* Build configuration list for PBXNativeTarget "Adventure tvOS" */;
			buildPhases = (
				97B116EE23E07BAA00AEEFA6 /* Sources */,
				97B116EF23E07BAA00AEEFA6 /* Frameworks */,
				97B116F023E07BAA00AEEFA6 /* Resources */,
			);
			buildRules = (
			);
			dependencies = (
			);
			name = "Adventure tvOS";
			productName = "Adventure tvOS";
			productReference = 97B116F223E07BAA00AEEFA6 /* Adventure.app */;
			productType = "com.apple.product-type.application";
		};
		97B1170223E07BAA00AEEFA6 /* Adventure macOS */ = {
			isa = PBXNativeTarget;
			buildConfigurationList = 97B1172C23E07BAA00AEEFA6 /* Build configuration list for PBXNativeTarget "Adventure macOS" */;
			buildPhases = (
				97B116FF23E07BAA00AEEFA6 /* Sources */,
				97B1170023E07BAA00AEEFA6 /* Frameworks */,
				97B1170123E07BAA00AEEFA6 /* Resources */,
			);
			buildRules = (
			);
			dependencies = (
			);
			name = "Adventure macOS";
			productName = "Adventure macOS";
			productReference = 97B1170323E07BAA00AEEFA6 /* Adventure.app */;
			productType = "com.apple.product-type.application";
		};
/* End PBXNativeTarget section */

/* Begin PBXProject section */
		97B116BA23E07BA700AEEFA6 /* Project object */ = {
			isa = PBXProject;
			attributes = {
				LastSwiftUpdateCheck = 1130;
				LastUpgradeCheck = 1130;
				ORGANIZATIONNAME = "姜坤";
				TargetAttributes = {
					97B116C623E07BAA00AEEFA6 = {
						CreatedOnToolsVersion = 11.3.1;
					};
					97B116D623E07BAA00AEEFA6 = {
						CreatedOnToolsVersion = 11.3.1;
					};
					97B116E323E07BAA00AEEFA6 = {
						CreatedOnToolsVersion = 11.3.1;
					};
					97B116F123E07BAA00AEEFA6 = {
						CreatedOnToolsVersion = 11.3.1;
					};
					97B1170223E07BAA00AEEFA6 = {
						CreatedOnToolsVersion = 11.3.1;
					};
				};
			};
			buildConfigurationList = 97B116BD23E07BA700AEEFA6 /* Build configuration list for PBXProject "Adventure" */;
			compatibilityVersion = "Xcode 9.3";
			developmentRegion = en;
			hasScannedForEncodings = 0;
			knownRegions = (
				en,
				Base,
			);
			mainGroup = 97B116B923E07BA700AEEFA6;
			productRefGroup = 97B116C823E07BAA00AEEFA6 /* Products */;
			projectDirPath = "";
			projectRoot = "";
			targets = (
				97B116C623E07BAA00AEEFA6 /* Adventure iOS */,
				97B116D623E07BAA00AEEFA6 /* Adventure watchOS App */,
				97B116E323E07BAA00AEEFA6 /* Adventure watchOS App Extension */,
				97B116F123E07BAA00AEEFA6 /* Adventure tvOS */,
				97B1170223E07BAA00AEEFA6 /* Adventure macOS */,
			);
		};
/* End PBXProject section */

/* Begin PBXResourcesBuildPhase section */
		97B116C523E07BAA00AEEFA6 /* Resources */ = {
			isa = PBXResourcesBuildPhase;
			buildActionMask = 2147483647;
			files = (
				9746EA7323E1A4AC00A31297 /* BossDamage.sks in Resources */,
				9746E9E723E1A4AC00A31297 /* button_warrior.png in Resources */,
				9746EA8F23E1A4AC00A31297 /* map_level.png in Resources */,
				9746E9D323E1A4AC00A31297 /* logo.png in Resources */,
				9746EA5323E1A4AC00A31297 /* Leaves_01.sks in Resources */,
				9746EA5B23E1A4AC00A31297 /* Leaves_02.sks in Resources */,
				9746EA6323E1A4AC00A31297 /* Damage.sks in Resources */,
				9746EA4323E1A4AC00A31297 /* hardCircle.png in Resources */,
				9746EA4723E1A4AC00A31297 /* CaveFire.sks in Resources */,
				9746EA9F23E1A4AC00A31297 /* editor_background.png in Resources */,
				9746E9D723E1A4AC00A31297 /* iconWarrior_red.png in Resources */,
				9746EA5F23E1A4AC00A31297 /* spark.png in Resources */,
				9746EA4B23E1A4AC00A31297 /* Spawn.sks in Resources */,
				9746EA4F23E1A4AC00A31297 /* CaveFireSmoke.sks in Resources */,
				9746E9B723E1A4AC00A31297 /* Default@2x.png in Resources */,
				9746EA7723E1A4AC00A31297 /* CaveDamage.sks in Resources */,
				9746EA8B23E1A4AC00A31297 /* magicmissile.caf in Resources */,
				97B116D023E07BAA00AEEFA6 /* Main.storyboard in Resources */,
				9746E9DF23E1A4AC00A31297 /* button_archer.png in Resources */,
				9746E9B323E1A4AC00A31297 /* Assets - OS X.xcassets in Resources */,
				9746E9DB23E1A4AC00A31297 /* iconWarrior_green.png in Resources */,
				9746E9E323E1A4AC00A31297 /* Default.png in Resources */,
				9746EA9B23E1A4AC00A31297 /* map_level.old.png in Resources */,
				9746E9CB23E1A4AC00A31297 /* iconWarrior_blue.png in Resources */,
				97B116D323E07BAA00AEEFA6 /* LaunchScreen.storyboard in Resources */,
				9746E9CF23E1A4AC00A31297 /* Default-568h@2x.png in Resources */,
				9746EA6723E1A4AC00A31297 /* ProjectileSplat.sks in Resources */,
				9746EA7B23E1A4AC00A31297 /* leaf_02.png in Resources */,
				9746E9C323E1A4AC00A31297 /* cover@2x.png in Resources */,
				9746EA8723E1A4AC00A31297 /* leaf_00.png in Resources */,
				9746EA8323E1A4AC00A31297 /* ArcherProjectile.sks in Resources */,
				9746E9BF23E1A4AC00A31297 /* Assets - iOS.xcassets in Resources */,
				9746EA5723E1A4AC00A31297 /* Death.sks in Resources */,
				9746E93223E1A47400A31297 /* AdventureHUD.sks in Resources */,
				974FFC8823E1F701008597F2 /* Texture.xcassets in Resources */,
				9746EA9323E1A4AC00A31297 /* map_trees.png in Resources */,
				9746EA6F23E1A4AC00A31297 /* CaveDeathSmoke.sks in Resources */,
				9746E9C723E1A4AC00A31297 /* iconWarrior_pink.png in Resources */,
				9746E9BB23E1A4AC00A31297 /* lives.png in Resources */,
				9746EA7F23E1A4AC00A31297 /* star.png in Resources */,
				9746E96923E1A47400A31297 /* AdventureWorld.sks in Resources */,
				9746EA6B23E1A4AC00A31297 /* WarriorProjectile.sks in Resources */,
				9746EA9723E1A4AC00A31297 /* map_level.new.png in Resources */,
			);
			runOnlyForDeploymentPostprocessing = 0;
		};
		97B116D523E07BAA00AEEFA6 /* Resources */ = {
			isa = PBXResourcesBuildPhase;
			buildActionMask = 2147483647;
			files = (
				9746E93323E1A47400A31297 /* AdventureHUD.sks in Resources */,
				97B116DE23E07BAA00AEEFA6 /* Interface.storyboard in Resources */,
				9746E96A23E1A47400A31297 /* AdventureWorld.sks in Resources */,
			);
			runOnlyForDeploymentPostprocessing = 0;
		};
		97B116E223E07BAA00AEEFA6 /* Resources */ = {
			isa = PBXResourcesBuildPhase;
			buildActionMask = 2147483647;
			files = (
				9746E9C423E1A4AC00A31297 /* cover@2x.png in Resources */,
				9746EA8823E1A4AC00A31297 /* leaf_00.png in Resources */,
				9746EA5C23E1A4AC00A31297 /* Leaves_02.sks in Resources */,
				9746EA7423E1A4AC00A31297 /* BossDamage.sks in Resources */,
				9746EA6823E1A4AC00A31297 /* ProjectileSplat.sks in Resources */,
				9746E9C023E1A4AC00A31297 /* Assets - iOS.xcassets in Resources */,
				9746EA9C23E1A4AC00A31297 /* map_level.old.png in Resources */,
				9746EA5023E1A4AC00A31297 /* CaveFireSmoke.sks in Resources */,
				9746EA8023E1A4AC00A31297 /* star.png in Resources */,
				9746EA4423E1A4AC00A31297 /* hardCircle.png in Resources */,
				9746E9D423E1A4AC00A31297 /* logo.png in Resources */,
				9746EAA023E1A4AC00A31297 /* editor_background.png in Resources */,
				9746E9B823E1A4AC00A31297 /* Default@2x.png in Resources */,
				9746EA5823E1A4AC00A31297 /* Death.sks in Resources */,
				9746E9E823E1A4AC00A31297 /* button_warrior.png in Resources */,
				9746EA9023E1A4AC00A31297 /* map_level.png in Resources */,
				9746E9B423E1A4AC00A31297 /* Assets - OS X.xcassets in Resources */,
				9746EA7823E1A4AC00A31297 /* CaveDamage.sks in Resources */,
				9746EA9823E1A4AC00A31297 /* map_level.new.png in Resources */,
				9746EA4C23E1A4AC00A31297 /* Spawn.sks in Resources */,
				9746EA5423E1A4AC00A31297 /* Leaves_01.sks in Resources */,
				9746EA4823E1A4AC00A31297 /* CaveFire.sks in Resources */,
				9746E9CC23E1A4AC00A31297 /* iconWarrior_blue.png in Resources */,
				9746E9D023E1A4AC00A31297 /* Default-568h@2x.png in Resources */,
				9746EA6423E1A4AC00A31297 /* Damage.sks in Resources */,
				9746EA8423E1A4AC00A31297 /* ArcherProjectile.sks in Resources */,
				9746EA7C23E1A4AC00A31297 /* leaf_02.png in Resources */,
				9746EA6C23E1A4AC00A31297 /* WarriorProjectile.sks in Resources */,
				9746EA6023E1A4AC00A31297 /* spark.png in Resources */,
				9746EA9423E1A4AC00A31297 /* map_trees.png in Resources */,
				9746EA7023E1A4AC00A31297 /* CaveDeathSmoke.sks in Resources */,
				9746E9E423E1A4AC00A31297 /* Default.png in Resources */,
				9746E9DC23E1A4AC00A31297 /* iconWarrior_green.png in Resources */,
				9746E9E023E1A4AC00A31297 /* button_archer.png in Resources */,
				9746E9BC23E1A4AC00A31297 /* lives.png in Resources */,
				9746E9C823E1A4AC00A31297 /* iconWarrior_pink.png in Resources */,
				9746EA8C23E1A4AC00A31297 /* magicmissile.caf in Resources */,
				9746E9D823E1A4AC00A31297 /* iconWarrior_red.png in Resources */,
			);
			runOnlyForDeploymentPostprocessing = 0;
		};
		97B116F023E07BAA00AEEFA6 /* Resources */ = {
			isa = PBXResourcesBuildPhase;
			buildActionMask = 2147483647;
			files = (
				9746EA7523E1A4AC00A31297 /* BossDamage.sks in Resources */,
				9746E9E923E1A4AC00A31297 /* button_warrior.png in Resources */,
				9746EA9123E1A4AC00A31297 /* map_level.png in Resources */,
				9746E9D523E1A4AC00A31297 /* logo.png in Resources */,
				9746EA5523E1A4AC00A31297 /* Leaves_01.sks in Resources */,
				9746EA5D23E1A4AC00A31297 /* Leaves_02.sks in Resources */,
				9746EA6523E1A4AC00A31297 /* Damage.sks in Resources */,
				9746EA4523E1A4AC00A31297 /* hardCircle.png in Resources */,
				9746EA4923E1A4AC00A31297 /* CaveFire.sks in Resources */,
				9746EAA123E1A4AC00A31297 /* editor_background.png in Resources */,
				9746E9D923E1A4AC00A31297 /* iconWarrior_red.png in Resources */,
				9746EA6123E1A4AC00A31297 /* spark.png in Resources */,
				9746EA4D23E1A4AC00A31297 /* Spawn.sks in Resources */,
				9746EA5123E1A4AC00A31297 /* CaveFireSmoke.sks in Resources */,
				9746E9B923E1A4AC00A31297 /* Default@2x.png in Resources */,
				9746EA7923E1A4AC00A31297 /* CaveDamage.sks in Resources */,
				9746EA8D23E1A4AC00A31297 /* magicmissile.caf in Resources */,
				97B116FA23E07BAA00AEEFA6 /* Main.storyboard in Resources */,
				9746E9E123E1A4AC00A31297 /* button_archer.png in Resources */,
				9746E9B523E1A4AC00A31297 /* Assets - OS X.xcassets in Resources */,
				9746E9DD23E1A4AC00A31297 /* iconWarrior_green.png in Resources */,
				9746E9E523E1A4AC00A31297 /* Default.png in Resources */,
				9746EA9D23E1A4AC00A31297 /* map_level.old.png in Resources */,
				9746E9CD23E1A4AC00A31297 /* iconWarrior_blue.png in Resources */,
				97B116FD23E07BAA00AEEFA6 /* LaunchScreen.storyboard in Resources */,
				9746E9D123E1A4AC00A31297 /* Default-568h@2x.png in Resources */,
				9746EA6923E1A4AC00A31297 /* ProjectileSplat.sks in Resources */,
				9746EA7D23E1A4AC00A31297 /* leaf_02.png in Resources */,
				9746E9C523E1A4AC00A31297 /* cover@2x.png in Resources */,
				9746EA8923E1A4AC00A31297 /* leaf_00.png in Resources */,
				9746EA8523E1A4AC00A31297 /* ArcherProjectile.sks in Resources */,
				9746E9C123E1A4AC00A31297 /* Assets - iOS.xcassets in Resources */,
				9746EA5923E1A4AC00A31297 /* Death.sks in Resources */,
				9746E93423E1A47400A31297 /* AdventureHUD.sks in Resources */,
				974FFC8923E1F701008597F2 /* Texture.xcassets in Resources */,
				9746EA9523E1A4AC00A31297 /* map_trees.png in Resources */,
				9746EA7123E1A4AC00A31297 /* CaveDeathSmoke.sks in Resources */,
				9746E9C923E1A4AC00A31297 /* iconWarrior_pink.png in Resources */,
				9746E9BD23E1A4AC00A31297 /* lives.png in Resources */,
				9746EA8123E1A4AC00A31297 /* star.png in Resources */,
				9746E96B23E1A47400A31297 /* AdventureWorld.sks in Resources */,
				9746EA6D23E1A4AC00A31297 /* WarriorProjectile.sks in Resources */,
				9746EA9923E1A4AC00A31297 /* map_level.new.png in Resources */,
			);
			runOnlyForDeploymentPostprocessing = 0;
		};
		97B1170123E07BAA00AEEFA6 /* Resources */ = {
			isa = PBXResourcesBuildPhase;
			buildActionMask = 2147483647;
			files = (
				9746EA5223E1A4AC00A31297 /* CaveFireSmoke.sks in Resources */,
				9746E9EA23E1A4AC00A31297 /* button_warrior.png in Resources */,
				9746E9C623E1A4AC00A31297 /* cover@2x.png in Resources */,
				9746EAA223E1A4AC00A31297 /* editor_background.png in Resources */,
				9746EA5A23E1A4AC00A31297 /* Death.sks in Resources */,
				9746EA7623E1A4AC00A31297 /* BossDamage.sks in Resources */,
				9746EA9623E1A4AC00A31297 /* map_trees.png in Resources */,
				9746EA6623E1A4AC00A31297 /* Damage.sks in Resources */,
				9746E9D223E1A4AC00A31297 /* Default-568h@2x.png in Resources */,
				9746EA6A23E1A4AC00A31297 /* ProjectileSplat.sks in Resources */,
				9746E9E223E1A4AC00A31297 /* button_archer.png in Resources */,
				9746E9E623E1A4AC00A31297 /* Default.png in Resources */,
				9746E9B623E1A4AC00A31297 /* Assets - OS X.xcassets in Resources */,
				9746EA9223E1A4AC00A31297 /* map_level.png in Resources */,
				9746EA9A23E1A4AC00A31297 /* map_level.new.png in Resources */,
				9746E9DA23E1A4AC00A31297 /* iconWarrior_red.png in Resources */,
				974FFC8A23E1F701008597F2 /* Texture.xcassets in Resources */,
				9746EA5E23E1A4AC00A31297 /* Leaves_02.sks in Resources */,
				9746EA7223E1A4AC00A31297 /* CaveDeathSmoke.sks in Resources */,
				9746EA5623E1A4AC00A31297 /* Leaves_01.sks in Resources */,
				9746EA8223E1A4AC00A31297 /* star.png in Resources */,
				9746EA7E23E1A4AC00A31297 /* leaf_02.png in Resources */,
				9746E9CA23E1A4AC00A31297 /* iconWarrior_pink.png in Resources */,
				9746E9CE23E1A4AC00A31297 /* iconWarrior_blue.png in Resources */,
				9746E93523E1A47400A31297 /* AdventureHUD.sks in Resources */,
				9746EA4623E1A4AC00A31297 /* hardCircle.png in Resources */,
				9746EA9E23E1A4AC00A31297 /* map_level.old.png in Resources */,
				9746E9BA23E1A4AC00A31297 /* Default@2x.png in Resources */,
				9746EA8623E1A4AC00A31297 /* ArcherProjectile.sks in Resources */,
				9746EA6E23E1A4AC00A31297 /* WarriorProjectile.sks in Resources */,
				97B1170B23E07BAA00AEEFA6 /* Main.storyboard in Resources */,
				9746E9D623E1A4AC00A31297 /* logo.png in Resources */,
				9746E9C223E1A4AC00A31297 /* Assets - iOS.xcassets in Resources */,
				9746EA4A23E1A4AC00A31297 /* CaveFire.sks in Resources */,
				9746EA8E23E1A4AC00A31297 /* magicmissile.caf in Resources */,
				9746EA8A23E1A4AC00A31297 /* leaf_00.png in Resources */,
				9746E9DE23E1A4AC00A31297 /* iconWarrior_green.png in Resources */,
				9746E96C23E1A47400A31297 /* AdventureWorld.sks in Resources */,
				9746EA6223E1A4AC00A31297 /* spark.png in Resources */,
				9746E9BE23E1A4AC00A31297 /* lives.png in Resources */,
				9746EA7A23E1A4AC00A31297 /* CaveDamage.sks in Resources */,
				9746EA4E23E1A4AC00A31297 /* Spawn.sks in Resources */,
			);
			runOnlyForDeploymentPostprocessing = 0;
		};
/* End PBXResourcesBuildPhase section */

/* Begin PBXSourcesBuildPhase section */
		97B116C323E07BAA00AEEFA6 /* Sources */ = {
			isa = PBXSourcesBuildPhase;
			buildActionMask = 2147483647;
			files = (
				9746E95723E1A47400A31297 /* Tree.swift in Sources */,
				9746E94E23E1A47400A31297 /* Cave.swift in Sources */,
				9746E96623E1A47400A31297 /* SharedAssetManagement.swift in Sources */,
				9746E96023E1A47400A31297 /* AdventureScene.swift in Sources */,
				9746EAA623E1AA4800A31297 /* AdventureSceneiOSEvents.swift in Sources */,
				9746E95D23E1A47400A31297 /* Archer.swift in Sources */,
				9746E95423E1A47400A31297 /* Boss.swift in Sources */,
				9746E93F23E1A47400A31297 /* ArtificialIntelligence.swift in Sources */,
				9746E94B23E1A47400A31297 /* Character.swift in Sources */,
				9746E93C23E1A47400A31297 /* ChaseArtificialIntelligence.swift in Sources */,
				9746E93923E1A47400A31297 /* SpawnArtificialIntelligence.swift in Sources */,
				9746E94523E1A47400A31297 /* EnemyCharacter.swift in Sources */,
				9746E95A23E1A47400A31297 /* HeroCharacter.swift in Sources */,
				9746E94823E1A47400A31297 /* Goblin.swift in Sources */,
				97B116CB23E07BAA00AEEFA6 /* AppDelegate.swift in Sources */,
				9746E94223E1A47400A31297 /* Warrior.swift in Sources */,
				9746E96323E1A47400A31297 /* Player.swift in Sources */,
				9746EAA423E1A53600A31297 /* ViewController.swift in Sources */,
				9746E93623E1A47400A31297 /* GraphicsUtilities.swift in Sources */,
				9746E95123E1A47400A31297 /* ParallaxSprite.swift in Sources */,
			);
			runOnlyForDeploymentPostprocessing = 0;
		};
		97B116E023E07BAA00AEEFA6 /* Sources */ = {
			isa = PBXSourcesBuildPhase;
			buildActionMask = 2147483647;
			files = (
				97B116EC23E07BAA00AEEFA6 /* ExtensionDelegate.swift in Sources */,
				97B116EA23E07BAA00AEEFA6 /* InterfaceController.swift in Sources */,
			);
			runOnlyForDeploymentPostprocessing = 0;
		};
		97B116EE23E07BAA00AEEFA6 /* Sources */ = {
			isa = PBXSourcesBuildPhase;
			buildActionMask = 2147483647;
			files = (
				9746E94F23E1A47400A31297 /* Cave.swift in Sources */,
				9746E95B23E1A47400A31297 /* HeroCharacter.swift in Sources */,
				9746E94323E1A47400A31297 /* Warrior.swift in Sources */,
				9746E93A23E1A47400A31297 /* SpawnArtificialIntelligence.swift in Sources */,
				9746E94623E1A47400A31297 /* EnemyCharacter.swift in Sources */,
				9746E93D23E1A47400A31297 /* ChaseArtificialIntelligence.swift in Sources */,
				9746E93723E1A47400A31297 /* GraphicsUtilities.swift in Sources */,
				9746E96123E1A47400A31297 /* AdventureScene.swift in Sources */,
				97B116F723E07BAA00AEEFA6 /* GameViewController.swift in Sources */,
				9746E95823E1A47400A31297 /* Tree.swift in Sources */,
				9746E95223E1A47400A31297 /* ParallaxSprite.swift in Sources */,
				9746E95523E1A47400A31297 /* Boss.swift in Sources */,
				9746E94923E1A47400A31297 /* Goblin.swift in Sources */,
				9746E95E23E1A47400A31297 /* Archer.swift in Sources */,
				9746E94C23E1A47400A31297 /* Character.swift in Sources */,
				9746E94023E1A47400A31297 /* ArtificialIntelligence.swift in Sources */,
				9746E96423E1A47400A31297 /* Player.swift in Sources */,
				9746E96723E1A47400A31297 /* SharedAssetManagement.swift in Sources */,
				97B116F523E07BAA00AEEFA6 /* AppDelegate.swift in Sources */,
			);
			runOnlyForDeploymentPostprocessing = 0;
		};
		97B116FF23E07BAA00AEEFA6 /* Sources */ = {
			isa = PBXSourcesBuildPhase;
			buildActionMask = 2147483647;
			files = (
				9746E95023E1A47400A31297 /* Cave.swift in Sources */,
				9746E95C23E1A47400A31297 /* HeroCharacter.swift in Sources */,
				9746E94423E1A47400A31297 /* Warrior.swift in Sources */,
				9746E93B23E1A47400A31297 /* SpawnArtificialIntelligence.swift in Sources */,
				9746E94723E1A47400A31297 /* EnemyCharacter.swift in Sources */,
				9746E93E23E1A47400A31297 /* ChaseArtificialIntelligence.swift in Sources */,
				9746E93823E1A47400A31297 /* GraphicsUtilities.swift in Sources */,
				9746E96223E1A47400A31297 /* AdventureScene.swift in Sources */,
				97B1170823E07BAA00AEEFA6 /* GameViewController.swift in Sources */,
				9746E95923E1A47400A31297 /* Tree.swift in Sources */,
				9746E95323E1A47400A31297 /* ParallaxSprite.swift in Sources */,
				9746EAA823E1AA5D00A31297 /* AdventureSceneOSXEvents.swift in Sources */,
				9746E95623E1A47400A31297 /* Boss.swift in Sources */,
				9746E94A23E1A47400A31297 /* Goblin.swift in Sources */,
				9746E95F23E1A47400A31297 /* Archer.swift in Sources */,
				9746E94D23E1A47400A31297 /* Character.swift in Sources */,
				9746E94123E1A47400A31297 /* ArtificialIntelligence.swift in Sources */,
				9746E96523E1A47400A31297 /* Player.swift in Sources */,
				9746E96823E1A47400A31297 /* SharedAssetManagement.swift in Sources */,
				97B1170623E07BAA00AEEFA6 /* AppDelegate.swift in Sources */,
			);
			runOnlyForDeploymentPostprocessing = 0;
		};
/* End PBXSourcesBuildPhase section */

/* Begin PBXTargetDependency section */
		97B116DA23E07BAA00AEEFA6 /* PBXTargetDependency */ = {
			isa = PBXTargetDependency;
			target = 97B116D623E07BAA00AEEFA6 /* Adventure watchOS App */;
			targetProxy = 97B116D923E07BAA00AEEFA6 /* PBXContainerItemProxy */;
		};
		97B116E723E07BAA00AEEFA6 /* PBXTargetDependency */ = {
			isa = PBXTargetDependency;
			target = 97B116E323E07BAA00AEEFA6 /* Adventure watchOS App Extension */;
			targetProxy = 97B116E623E07BAA00AEEFA6 /* PBXContainerItemProxy */;
		};
/* End PBXTargetDependency section */

/* Begin PBXVariantGroup section */
		97B116CE23E07BAA00AEEFA6 /* Main.storyboard */ = {
			isa = PBXVariantGroup;
			children = (
				97B116CF23E07BAA00AEEFA6 /* Base */,
			);
			name = Main.storyboard;
			sourceTree = "<group>";
		};
		97B116D123E07BAA00AEEFA6 /* LaunchScreen.storyboard */ = {
			isa = PBXVariantGroup;
			children = (
				97B116D223E07BAA00AEEFA6 /* Base */,
			);
			name = LaunchScreen.storyboard;
			sourceTree = "<group>";
		};
		97B116DC23E07BAA00AEEFA6 /* Interface.storyboard */ = {
			isa = PBXVariantGroup;
			children = (
				97B116DD23E07BAA00AEEFA6 /* Base */,
			);
			name = Interface.storyboard;
			sourceTree = "<group>";
		};
		97B116F823E07BAA00AEEFA6 /* Main.storyboard */ = {
			isa = PBXVariantGroup;
			children = (
				97B116F923E07BAA00AEEFA6 /* Base */,
			);
			name = Main.storyboard;
			sourceTree = "<group>";
		};
		97B116FB23E07BAA00AEEFA6 /* LaunchScreen.storyboard */ = {
			isa = PBXVariantGroup;
			children = (
				97B116FC23E07BAA00AEEFA6 /* Base */,
			);
			name = LaunchScreen.storyboard;
			sourceTree = "<group>";
		};
		97B1170923E07BAA00AEEFA6 /* Main.storyboard */ = {
			isa = PBXVariantGroup;
			children = (
				97B1170A23E07BAA00AEEFA6 /* Base */,
			);
			name = Main.storyboard;
			sourceTree = "<group>";
		};
/* End PBXVariantGroup section */

/* Begin XCBuildConfiguration section */
		97B1171C23E07BAA00AEEFA6 /* Debug */ = {
			isa = XCBuildConfiguration;
			buildSettings = {
				ALWAYS_SEARCH_USER_PATHS = NO;
				CLANG_ANALYZER_NONNULL = YES;
				CLANG_ANALYZER_NUMBER_OBJECT_CONVERSION = YES_AGGRESSIVE;
				CLANG_CXX_LANGUAGE_STANDARD = "gnu++14";
				CLANG_CXX_LIBRARY = "libc++";
				CLANG_ENABLE_MODULES = YES;
				CLANG_ENABLE_OBJC_ARC = YES;
				CLANG_ENABLE_OBJC_WEAK = YES;
				CLANG_WARN_BLOCK_CAPTURE_AUTORELEASING = YES;
				CLANG_WARN_BOOL_CONVERSION = YES;
				CLANG_WARN_COMMA = YES;
				CLANG_WARN_CONSTANT_CONVERSION = YES;
				CLANG_WARN_DEPRECATED_OBJC_IMPLEMENTATIONS = YES;
				CLANG_WARN_DIRECT_OBJC_ISA_USAGE = YES_ERROR;
				CLANG_WARN_DOCUMENTATION_COMMENTS = YES;
				CLANG_WARN_EMPTY_BODY = YES;
				CLANG_WARN_ENUM_CONVERSION = YES;
				CLANG_WARN_INFINITE_RECURSION = YES;
				CLANG_WARN_INT_CONVERSION = YES;
				CLANG_WARN_NON_LITERAL_NULL_CONVERSION = YES;
				CLANG_WARN_OBJC_IMPLICIT_RETAIN_SELF = YES;
				CLANG_WARN_OBJC_LITERAL_CONVERSION = YES;
				CLANG_WARN_OBJC_ROOT_CLASS = YES_ERROR;
				CLANG_WARN_RANGE_LOOP_ANALYSIS = YES;
				CLANG_WARN_STRICT_PROTOTYPES = YES;
				CLANG_WARN_SUSPICIOUS_MOVE = YES;
				CLANG_WARN_UNGUARDED_AVAILABILITY = YES_AGGRESSIVE;
				CLANG_WARN_UNREACHABLE_CODE = YES;
				CLANG_WARN__DUPLICATE_METHOD_MATCH = YES;
				COPY_PHASE_STRIP = NO;
				DEBUG_INFORMATION_FORMAT = dwarf;
				ENABLE_STRICT_OBJC_MSGSEND = YES;
				ENABLE_TESTABILITY = YES;
				GCC_C_LANGUAGE_STANDARD = gnu11;
				GCC_DYNAMIC_NO_PIC = NO;
				GCC_NO_COMMON_BLOCKS = YES;
				GCC_OPTIMIZATION_LEVEL = 0;
				GCC_PREPROCESSOR_DEFINITIONS = (
					"DEBUG=1",
					"$(inherited)",
				);
				GCC_WARN_64_TO_32_BIT_CONVERSION = YES;
				GCC_WARN_ABOUT_RETURN_TYPE = YES_ERROR;
				GCC_WARN_UNDECLARED_SELECTOR = YES;
				GCC_WARN_UNINITIALIZED_AUTOS = YES_AGGRESSIVE;
				GCC_WARN_UNUSED_FUNCTION = YES;
				GCC_WARN_UNUSED_VARIABLE = YES;
				MTL_ENABLE_DEBUG_INFO = INCLUDE_SOURCE;
				MTL_FAST_MATH = YES;
				ONLY_ACTIVE_ARCH = YES;
				SWIFT_ACTIVE_COMPILATION_CONDITIONS = DEBUG;
				SWIFT_OPTIMIZATION_LEVEL = "-Onone";
			};
			name = Debug;
		};
		97B1171D23E07BAA00AEEFA6 /* Release */ = {
			isa = XCBuildConfiguration;
			buildSettings = {
				ALWAYS_SEARCH_USER_PATHS = NO;
				CLANG_ANALYZER_NONNULL = YES;
				CLANG_ANALYZER_NUMBER_OBJECT_CONVERSION = YES_AGGRESSIVE;
				CLANG_CXX_LANGUAGE_STANDARD = "gnu++14";
				CLANG_CXX_LIBRARY = "libc++";
				CLANG_ENABLE_MODULES = YES;
				CLANG_ENABLE_OBJC_ARC = YES;
				CLANG_ENABLE_OBJC_WEAK = YES;
				CLANG_WARN_BLOCK_CAPTURE_AUTORELEASING = YES;
				CLANG_WARN_BOOL_CONVERSION = YES;
				CLANG_WARN_COMMA = YES;
				CLANG_WARN_CONSTANT_CONVERSION = YES;
				CLANG_WARN_DEPRECATED_OBJC_IMPLEMENTATIONS = YES;
				CLANG_WARN_DIRECT_OBJC_ISA_USAGE = YES_ERROR;
				CLANG_WARN_DOCUMENTATION_COMMENTS = YES;
				CLANG_WARN_EMPTY_BODY = YES;
				CLANG_WARN_ENUM_CONVERSION = YES;
				CLANG_WARN_INFINITE_RECURSION = YES;
				CLANG_WARN_INT_CONVERSION = YES;
				CLANG_WARN_NON_LITERAL_NULL_CONVERSION = YES;
				CLANG_WARN_OBJC_IMPLICIT_RETAIN_SELF = YES;
				CLANG_WARN_OBJC_LITERAL_CONVERSION = YES;
				CLANG_WARN_OBJC_ROOT_CLASS = YES_ERROR;
				CLANG_WARN_RANGE_LOOP_ANALYSIS = YES;
				CLANG_WARN_STRICT_PROTOTYPES = YES;
				CLANG_WARN_SUSPICIOUS_MOVE = YES;
				CLANG_WARN_UNGUARDED_AVAILABILITY = YES_AGGRESSIVE;
				CLANG_WARN_UNREACHABLE_CODE = YES;
				CLANG_WARN__DUPLICATE_METHOD_MATCH = YES;
				COPY_PHASE_STRIP = NO;
				DEBUG_INFORMATION_FORMAT = "dwarf-with-dsym";
				ENABLE_NS_ASSERTIONS = NO;
				ENABLE_STRICT_OBJC_MSGSEND = YES;
				GCC_C_LANGUAGE_STANDARD = gnu11;
				GCC_NO_COMMON_BLOCKS = YES;
				GCC_WARN_64_TO_32_BIT_CONVERSION = YES;
				GCC_WARN_ABOUT_RETURN_TYPE = YES_ERROR;
				GCC_WARN_UNDECLARED_SELECTOR = YES;
				GCC_WARN_UNINITIALIZED_AUTOS = YES_AGGRESSIVE;
				GCC_WARN_UNUSED_FUNCTION = YES;
				GCC_WARN_UNUSED_VARIABLE = YES;
				MTL_ENABLE_DEBUG_INFO = NO;
				MTL_FAST_MATH = YES;
				SWIFT_COMPILATION_MODE = wholemodule;
				SWIFT_OPTIMIZATION_LEVEL = "-O";
			};
			name = Release;
		};
		97B1171F23E07BAA00AEEFA6 /* Debug */ = {
			isa = XCBuildConfiguration;
			buildSettings = {
				CODE_SIGN_STYLE = Automatic;
				INFOPLIST_FILE = "Adventure watchOS App Extension/Info.plist";
				LD_RUNPATH_SEARCH_PATHS = (
					"$(inherited)",
					"@executable_path/Frameworks",
					"@executable_path/../../Frameworks",
				);
				PRODUCT_BUNDLE_IDENTIFIER = com.ne81.Adventure.watchkitapp.watchkitextension;
				PRODUCT_NAME = "Adventure Extension";
				SDKROOT = watchos;
				SKIP_INSTALL = YES;
				SWIFT_VERSION = 5.0;
				TARGETED_DEVICE_FAMILY = 4;
				WATCHOS_DEPLOYMENT_TARGET = 6.1;
			};
			name = Debug;
		};
		97B1172023E07BAA00AEEFA6 /* Release */ = {
			isa = XCBuildConfiguration;
			buildSettings = {
				CODE_SIGN_STYLE = Automatic;
				INFOPLIST_FILE = "Adventure watchOS App Extension/Info.plist";
				LD_RUNPATH_SEARCH_PATHS = (
					"$(inherited)",
					"@executable_path/Frameworks",
					"@executable_path/../../Frameworks",
				);
				PRODUCT_BUNDLE_IDENTIFIER = com.ne81.Adventure.watchkitapp.watchkitextension;
				PRODUCT_NAME = "Adventure Extension";
				SDKROOT = watchos;
				SKIP_INSTALL = YES;
				SWIFT_VERSION = 5.0;
				TARGETED_DEVICE_FAMILY = 4;
				VALIDATE_PRODUCT = YES;
				WATCHOS_DEPLOYMENT_TARGET = 6.1;
			};
			name = Release;
		};
		97B1172323E07BAA00AEEFA6 /* Debug */ = {
			isa = XCBuildConfiguration;
			buildSettings = {
				ALWAYS_EMBED_SWIFT_STANDARD_LIBRARIES = YES;
				ASSETCATALOG_COMPILER_APPICON_NAME = AppIcon;
				CODE_SIGN_STYLE = Automatic;
				IBSC_MODULE = Adventure_Extension;
				INFOPLIST_FILE = "Adventure watchOS App/Info.plist";
				PRODUCT_BUNDLE_IDENTIFIER = com.ne81.Adventure.watchkitapp;
				PRODUCT_NAME = Adventure;
				SDKROOT = watchos;
				SKIP_INSTALL = YES;
				SWIFT_VERSION = 5.0;
				TARGETED_DEVICE_FAMILY = 4;
				WATCHOS_DEPLOYMENT_TARGET = 6.1;
			};
			name = Debug;
		};
		97B1172423E07BAA00AEEFA6 /* Release */ = {
			isa = XCBuildConfiguration;
			buildSettings = {
				ALWAYS_EMBED_SWIFT_STANDARD_LIBRARIES = YES;
				ASSETCATALOG_COMPILER_APPICON_NAME = AppIcon;
				CODE_SIGN_STYLE = Automatic;
				IBSC_MODULE = Adventure_Extension;
				INFOPLIST_FILE = "Adventure watchOS App/Info.plist";
				PRODUCT_BUNDLE_IDENTIFIER = com.ne81.Adventure.watchkitapp;
				PRODUCT_NAME = Adventure;
				SDKROOT = watchos;
				SKIP_INSTALL = YES;
				SWIFT_VERSION = 5.0;
				TARGETED_DEVICE_FAMILY = 4;
				VALIDATE_PRODUCT = YES;
				WATCHOS_DEPLOYMENT_TARGET = 6.1;
			};
			name = Release;
		};
		97B1172723E07BAA00AEEFA6 /* Debug */ = {
			isa = XCBuildConfiguration;
			buildSettings = {
				ASSETCATALOG_COMPILER_APPICON_NAME = AppIcon;
				CODE_SIGN_STYLE = Automatic;
				INFOPLIST_FILE = "Adventure iOS/Info.plist";
				IPHONEOS_DEPLOYMENT_TARGET = 13.2;
				LD_RUNPATH_SEARCH_PATHS = (
					"$(inherited)",
					"@executable_path/Frameworks",
				);
				PRODUCT_BUNDLE_IDENTIFIER = com.ne81.Adventure;
				PRODUCT_NAME = Adventure;
				SDKROOT = iphoneos;
				SWIFT_VERSION = 5.0;
				TARGETED_DEVICE_FAMILY = "1,2";
			};
			name = Debug;
		};
		97B1172823E07BAA00AEEFA6 /* Release */ = {
			isa = XCBuildConfiguration;
			buildSettings = {
				ASSETCATALOG_COMPILER_APPICON_NAME = AppIcon;
				CODE_SIGN_STYLE = Automatic;
				INFOPLIST_FILE = "Adventure iOS/Info.plist";
				IPHONEOS_DEPLOYMENT_TARGET = 13.2;
				LD_RUNPATH_SEARCH_PATHS = (
					"$(inherited)",
					"@executable_path/Frameworks",
				);
				PRODUCT_BUNDLE_IDENTIFIER = com.ne81.Adventure;
				PRODUCT_NAME = Adventure;
				SDKROOT = iphoneos;
				SWIFT_VERSION = 5.0;
				TARGETED_DEVICE_FAMILY = "1,2";
				VALIDATE_PRODUCT = YES;
			};
			name = Release;
		};
		97B1172A23E07BAA00AEEFA6 /* Debug */ = {
			isa = XCBuildConfiguration;
			buildSettings = {
				ASSETCATALOG_COMPILER_APPICON_NAME = "tvOS App Icon & Top Shelf Image";
				CODE_SIGN_STYLE = Automatic;
				INFOPLIST_FILE = "Adventure tvOS/Info.plist";
				LD_RUNPATH_SEARCH_PATHS = (
					"$(inherited)",
					"@executable_path/Frameworks",
				);
				PRODUCT_BUNDLE_IDENTIFIER = com.ne81.Adventure;
				PRODUCT_NAME = Adventure;
				SDKROOT = appletvos;
				SWIFT_VERSION = 5.0;
				TARGETED_DEVICE_FAMILY = 3;
				TVOS_DEPLOYMENT_TARGET = 13.2;
			};
			name = Debug;
		};
		97B1172B23E07BAA00AEEFA6 /* Release */ = {
			isa = XCBuildConfiguration;
			buildSettings = {
				ASSETCATALOG_COMPILER_APPICON_NAME = "tvOS App Icon & Top Shelf Image";
				CODE_SIGN_STYLE = Automatic;
				INFOPLIST_FILE = "Adventure tvOS/Info.plist";
				LD_RUNPATH_SEARCH_PATHS = (
					"$(inherited)",
					"@executable_path/Frameworks",
				);
				PRODUCT_BUNDLE_IDENTIFIER = com.ne81.Adventure;
				PRODUCT_NAME = Adventure;
				SDKROOT = appletvos;
				SWIFT_VERSION = 5.0;
				TARGETED_DEVICE_FAMILY = 3;
				TVOS_DEPLOYMENT_TARGET = 13.2;
				VALIDATE_PRODUCT = YES;
			};
			name = Release;
		};
		97B1172D23E07BAA00AEEFA6 /* Debug */ = {
			isa = XCBuildConfiguration;
			buildSettings = {
				ASSETCATALOG_COMPILER_APPICON_NAME = AppIcon;
				CODE_SIGN_STYLE = Automatic;
				COMBINE_HIDPI_IMAGES = YES;
				INFOPLIST_FILE = "Adventure macOS/Info.plist";
				LD_RUNPATH_SEARCH_PATHS = (
					"$(inherited)",
					"@executable_path/../Frameworks",
				);
				MACOSX_DEPLOYMENT_TARGET = 10.15;
				PRODUCT_BUNDLE_IDENTIFIER = com.ne81.Adventure;
				PRODUCT_NAME = Adventure;
				SDKROOT = macosx;
				SWIFT_VERSION = 5.0;
			};
			name = Debug;
		};
		97B1172E23E07BAA00AEEFA6 /* Release */ = {
			isa = XCBuildConfiguration;
			buildSettings = {
				ASSETCATALOG_COMPILER_APPICON_NAME = AppIcon;
				CODE_SIGN_STYLE = Automatic;
				COMBINE_HIDPI_IMAGES = YES;
				INFOPLIST_FILE = "Adventure macOS/Info.plist";
				LD_RUNPATH_SEARCH_PATHS = (
					"$(inherited)",
					"@executable_path/../Frameworks",
				);
				MACOSX_DEPLOYMENT_TARGET = 10.15;
				PRODUCT_BUNDLE_IDENTIFIER = com.ne81.Adventure;
				PRODUCT_NAME = Adventure;
				SDKROOT = macosx;
				SWIFT_VERSION = 5.0;
			};
			name = Release;
		};
/* End XCBuildConfiguration section */

/* Begin XCConfigurationList section */
		97B116BD23E07BA700AEEFA6 /* Build configuration list for PBXProject "Adventure" */ = {
			isa = XCConfigurationList;
			buildConfigurations = (
				97B1171C23E07BAA00AEEFA6 /* Debug */,
				97B1171D23E07BAA00AEEFA6 /* Release */,
			);
			defaultConfigurationIsVisible = 0;
			defaultConfigurationName = Release;
		};
		97B1171E23E07BAA00AEEFA6 /* Build configuration list for PBXNativeTarget "Adventure watchOS App Extension" */ = {
			isa = XCConfigurationList;
			buildConfigurations = (
				97B1171F23E07BAA00AEEFA6 /* Debug */,
				97B1172023E07BAA00AEEFA6 /* Release */,
			);
			defaultConfigurationIsVisible = 0;
			defaultConfigurationName = Release;
		};
		97B1172223E07BAA00AEEFA6 /* Build configuration list for PBXNativeTarget "Adventure watchOS App" */ = {
			isa = XCConfigurationList;
			buildConfigurations = (
				97B1172323E07BAA00AEEFA6 /* Debug */,
				97B1172423E07BAA00AEEFA6 /* Release */,
			);
			defaultConfigurationIsVisible = 0;
			defaultConfigurationName = Release;
		};
		97B1172623E07BAA00AEEFA6 /* Build configuration list for PBXNativeTarget "Adventure iOS" */ = {
			isa = XCConfigurationList;
			buildConfigurations = (
				97B1172723E07BAA00AEEFA6 /* Debug */,
				97B1172823E07BAA00AEEFA6 /* Release */,
			);
			defaultConfigurationIsVisible = 0;
			defaultConfigurationName = Release;
		};
		97B1172923E07BAA00AEEFA6 /* Build configuration list for PBXNativeTarget "Adventure tvOS" */ = {
			isa = XCConfigurationList;
			buildConfigurations = (
				97B1172A23E07BAA00AEEFA6 /* Debug */,
				97B1172B23E07BAA00AEEFA6 /* Release */,
			);
			defaultConfigurationIsVisible = 0;
			defaultConfigurationName = Release;
		};
		97B1172C23E07BAA00AEEFA6 /* Build configuration list for PBXNativeTarget "Adventure macOS" */ = {
			isa = XCConfigurationList;
			buildConfigurations = (
				97B1172D23E07BAA00AEEFA6 /* Debug */,
				97B1172E23E07BAA00AEEFA6 /* Release */,
			);
			defaultConfigurationIsVisible = 0;
			defaultConfigurationName = Release;
		};
/* End XCConfigurationList section */
	};
	rootObject = 97B116BA23E07BA700AEEFA6 /* Project object */;
}
